// !$*UTF8*$!
{
	archiveVersion = 1;
	classes = {
	};
	objectVersion = 46;
	objects = {

/* Begin PBXBuildFile section */
		52110D9918ED161F002B4B82 /* UserInteractionCell.m in Sources */ = {isa = PBXBuildFile; fileRef = 52110D9818ED161F002B4B82 /* UserInteractionCell.m */; };
		5268691D18EFB10A00CD3876 /* icono_@.png in Resources */ = {isa = PBXBuildFile; fileRef = 5268691018EFB10A00CD3876 /* icono_@.png */; };
		5268691E18EFB10A00CD3876 /* icono_hora.png in Resources */ = {isa = PBXBuildFile; fileRef = 5268691118EFB10A00CD3876 /* icono_hora.png */; };
		5268691F18EFB10A00CD3876 /* icono_tarjeta.png in Resources */ = {isa = PBXBuildFile; fileRef = 5268691218EFB10A00CD3876 /* icono_tarjeta.png */; };
		5268692018EFB10A00CD3876 /* icono_tel.png in Resources */ = {isa = PBXBuildFile; fileRef = 5268691318EFB10A00CD3876 /* icono_tel.png */; };
		5268692118EFB10A00CD3876 /* icono_votacion.png in Resources */ = {isa = PBXBuildFile; fileRef = 5268691418EFB10A00CD3876 /* icono_votacion.png */; };
		5268692C18EFB28100CD3876 /* DSC_54282.png in Resources */ = {isa = PBXBuildFile; fileRef = 5268692218EFB28100CD3876 /* DSC_54282.png */; };
		5268692D18EFB28100CD3876 /* DSC_55052.png in Resources */ = {isa = PBXBuildFile; fileRef = 5268692318EFB28100CD3876 /* DSC_55052.png */; };
		5268692E18EFB28100CD3876 /* DSC_55252.png in Resources */ = {isa = PBXBuildFile; fileRef = 5268692418EFB28100CD3876 /* DSC_55252.png */; };
		5268692F18EFB28100CD3876 /* DSC_55332.png in Resources */ = {isa = PBXBuildFile; fileRef = 5268692518EFB28100CD3876 /* DSC_55332.png */; };
		5268693018EFB28100CD3876 /* DSC_55702.png in Resources */ = {isa = PBXBuildFile; fileRef = 5268692618EFB28100CD3876 /* DSC_55702.png */; };
		5268693118EFB28100CD3876 /* DSC_56302.png in Resources */ = {isa = PBXBuildFile; fileRef = 5268692718EFB28100CD3876 /* DSC_56302.png */; };
		5268693218EFB28100CD3876 /* DSC_56392.png in Resources */ = {isa = PBXBuildFile; fileRef = 5268692818EFB28100CD3876 /* DSC_56392.png */; };
		5268693318EFB28100CD3876 /* DSC_56512.png in Resources */ = {isa = PBXBuildFile; fileRef = 5268692918EFB28100CD3876 /* DSC_56512.png */; };
		5268693418EFB28100CD3876 /* DSC_56692.png in Resources */ = {isa = PBXBuildFile; fileRef = 5268692A18EFB28100CD3876 /* DSC_56692.png */; };
		5268693518EFB28100CD3876 /* DSC_56722.png in Resources */ = {isa = PBXBuildFile; fileRef = 5268692B18EFB28100CD3876 /* DSC_56722.png */; };
		5268693718EFB2FB00CD3876 /* img_Tchoza.png in Resources */ = {isa = PBXBuildFile; fileRef = 5268693618EFB2FB00CD3876 /* img_Tchoza.png */; };
		5268693918EFB32B00CD3876 /* logo_choza.jpg in Resources */ = {isa = PBXBuildFile; fileRef = 5268693818EFB32B00CD3876 /* logo_choza.jpg */; };
		5268693B18EFB37200CD3876 /* perfil_01.jpg in Resources */ = {isa = PBXBuildFile; fileRef = 5268693A18EFB37200CD3876 /* perfil_01.jpg */; };
		5268693D18EFB3D900CD3876 /* FoodStamp_logo-01.png in Resources */ = {isa = PBXBuildFile; fileRef = 5268693C18EFB3D900CD3876 /* FoodStamp_logo-01.png */; };
		5268694C18EFB44200CD3876 /* boton_guardar.png in Resources */ = {isa = PBXBuildFile; fileRef = 5268694318EFB44200CD3876 /* boton_guardar.png */; };
		5268694E18EFB44200CD3876 /* boton_megusta.png in Resources */ = {isa = PBXBuildFile; fileRef = 5268694518EFB44200CD3876 /* boton_megusta.png */; };
		5268694F18EFB44200CD3876 /* manu_tabbar80.png in Resources */ = {isa = PBXBuildFile; fileRef = 5268694618EFB44200CD3876 /* manu_tabbar80.png */; };
		5268695018EFB44200CD3876 /* mapa-01.png in Resources */ = {isa = PBXBuildFile; fileRef = 5268694718EFB44200CD3876 /* mapa-01.png */; };
		526B390A18ECE3A100B6D4FA /* RestaurantViewController.m in Sources */ = {isa = PBXBuildFile; fileRef = 526B390918ECE3A100B6D4FA /* RestaurantViewController.m */; };
		526B392D18ED14AF00B6D4FA /* RestInfoCell.m in Sources */ = {isa = PBXBuildFile; fileRef = 526B392C18ED14AF00B6D4FA /* RestInfoCell.m */; };
		528172A918E64F3D00835BED /* PlatilloViewController.m in Sources */ = {isa = PBXBuildFile; fileRef = 528172A818E64F3D00835BED /* PlatilloViewController.m */; };
		528172AC18E64FB400835BED /* FotoPlatilloCell.m in Sources */ = {isa = PBXBuildFile; fileRef = 528172AB18E64FB400835BED /* FotoPlatilloCell.m */; };
		5284FB9D18E8887F00D36386 /* DescripcionRestTableViewCell.m in Sources */ = {isa = PBXBuildFile; fileRef = 5284FB9C18E8887F00D36386 /* DescripcionRestTableViewCell.m */; };
		5284FBA518E8C05A00D36386 /* SocialCell.m in Sources */ = {isa = PBXBuildFile; fileRef = 5284FBA418E8C05A00D36386 /* SocialCell.m */; };
		528F75B218EDF931001EAEC6 /* LocationViewController.m in Sources */ = {isa = PBXBuildFile; fileRef = 528F75B118EDF931001EAEC6 /* LocationViewController.m */; };
		528F75B418EDFEDC001EAEC6 /* MapKit.framework in Frameworks */ = {isa = PBXBuildFile; fileRef = 528F75B318EDFEDC001EAEC6 /* MapKit.framework */; };
		52A3A6BD18EA55C2005DC29A /* DirecCell.m in Sources */ = {isa = PBXBuildFile; fileRef = 52A3A6BC18EA55C2005DC29A /* DirecCell.m */; };
		52B2E0E318EB4BF400903CBC /* Parse.framework in Frameworks */ = {isa = PBXBuildFile; fileRef = 52B2E0E218EB4BF400903CBC /* Parse.framework */; };
		52B2E0E518EB4C2600903CBC /* AudioToolbox.framework in Frameworks */ = {isa = PBXBuildFile; fileRef = 52B2E0E418EB4C2600903CBC /* AudioToolbox.framework */; };
		52B2E0E718EB4C2F00903CBC /* CFNetwork.framework in Frameworks */ = {isa = PBXBuildFile; fileRef = 52B2E0E618EB4C2F00903CBC /* CFNetwork.framework */; };
		52B2E0E918EB4C3F00903CBC /* CoreLocation.framework in Frameworks */ = {isa = PBXBuildFile; fileRef = 52B2E0E818EB4C3F00903CBC /* CoreLocation.framework */; };
		52B2E0EB18EB4C4900903CBC /* libz.dylib in Frameworks */ = {isa = PBXBuildFile; fileRef = 52B2E0EA18EB4C4900903CBC /* libz.dylib */; };
		52B2E0ED18EB4C5200903CBC /* MobileCoreServices.framework in Frameworks */ = {isa = PBXBuildFile; fileRef = 52B2E0EC18EB4C5200903CBC /* MobileCoreServices.framework */; };
		52B2E0EF18EB4C5B00903CBC /* QuartzCore.framework in Frameworks */ = {isa = PBXBuildFile; fileRef = 52B2E0EE18EB4C5B00903CBC /* QuartzCore.framework */; };
		52B2E0F118EB4C6300903CBC /* Security.framework in Frameworks */ = {isa = PBXBuildFile; fileRef = 52B2E0F018EB4C6300903CBC /* Security.framework */; };
		52B2E0F318EB4C6C00903CBC /* StoreKit.framework in Frameworks */ = {isa = PBXBuildFile; fileRef = 52B2E0F218EB4C6C00903CBC /* StoreKit.framework */; };
		52B2E0F518EB4C7600903CBC /* SystemConfiguration.framework in Frameworks */ = {isa = PBXBuildFile; fileRef = 52B2E0F418EB4C7600903CBC /* SystemConfiguration.framework */; };
		52B2E10218EB61E100903CBC /* HomePlatilloCell.m in Sources */ = {isa = PBXBuildFile; fileRef = 52B2E10118EB61E100903CBC /* HomePlatilloCell.m */; };
		52CD87FF18E6335400C4FF46 /* Foundation.framework in Frameworks */ = {isa = PBXBuildFile; fileRef = 52CD87FE18E6335400C4FF46 /* Foundation.framework */; };
		52CD880118E6335400C4FF46 /* CoreGraphics.framework in Frameworks */ = {isa = PBXBuildFile; fileRef = 52CD880018E6335400C4FF46 /* CoreGraphics.framework */; };
		52CD880318E6335400C4FF46 /* UIKit.framework in Frameworks */ = {isa = PBXBuildFile; fileRef = 52CD880218E6335400C4FF46 /* UIKit.framework */; };
		52CD880918E6335400C4FF46 /* InfoPlist.strings in Resources */ = {isa = PBXBuildFile; fileRef = 52CD880718E6335400C4FF46 /* InfoPlist.strings */; };
		52CD880B18E6335400C4FF46 /* main.m in Sources */ = {isa = PBXBuildFile; fileRef = 52CD880A18E6335400C4FF46 /* main.m */; };
		52CD880F18E6335400C4FF46 /* AppDelegate.m in Sources */ = {isa = PBXBuildFile; fileRef = 52CD880E18E6335400C4FF46 /* AppDelegate.m */; };
		52CD881518E6335400C4FF46 /* ViewController.m in Sources */ = {isa = PBXBuildFile; fileRef = 52CD881418E6335400C4FF46 /* ViewController.m */; };
		52CD881718E6335400C4FF46 /* Images.xcassets in Resources */ = {isa = PBXBuildFile; fileRef = 52CD881618E6335400C4FF46 /* Images.xcassets */; };
		52CD881E18E6335400C4FF46 /* XCTest.framework in Frameworks */ = {isa = PBXBuildFile; fileRef = 52CD881D18E6335400C4FF46 /* XCTest.framework */; };
		52CD881F18E6335400C4FF46 /* Foundation.framework in Frameworks */ = {isa = PBXBuildFile; fileRef = 52CD87FE18E6335400C4FF46 /* Foundation.framework */; };
		52CD882018E6335400C4FF46 /* UIKit.framework in Frameworks */ = {isa = PBXBuildFile; fileRef = 52CD880218E6335400C4FF46 /* UIKit.framework */; };
		52CD882818E6335400C4FF46 /* InfoPlist.strings in Resources */ = {isa = PBXBuildFile; fileRef = 52CD882618E6335400C4FF46 /* InfoPlist.strings */; };
		52CD882A18E6335400C4FF46 /* FoodStampTests.m in Sources */ = {isa = PBXBuildFile; fileRef = 52CD882918E6335400C4FF46 /* FoodStampTests.m */; };
		9718FC6C1901FAD9008C7C93 /* FSCache.m in Sources */ = {isa = PBXBuildFile; fileRef = 9718FC6B1901FAD9008C7C93 /* FSCache.m */; };
		971FFC4D192D805F0028FD0C /* background_logged2x.png in Resources */ = {isa = PBXBuildFile; fileRef = 971FFC4A192D805F0028FD0C /* background_logged2x.png */; };
		971FFC4E192D805F0028FD0C /* facebook_login_pressed.png in Resources */ = {isa = PBXBuildFile; fileRef = 971FFC4B192D805F0028FD0C /* facebook_login_pressed.png */; };
		971FFC4F192D805F0028FD0C /* facebook_login.png in Resources */ = {isa = PBXBuildFile; fileRef = 971FFC4C192D805F0028FD0C /* facebook_login.png */; };
		971FFC53192D81220028FD0C /* FBLoginViewController.m in Sources */ = {isa = PBXBuildFile; fileRef = 971FFC52192D81220028FD0C /* FBLoginViewController.m */; };
		971FFC59192D82F40028FD0C /* MBProgressHUD.m in Sources */ = {isa = PBXBuildFile; fileRef = 971FFC58192D82F40028FD0C /* MBProgressHUD.m */; };
		971FFC5C192D83000028FD0C /* Reachability.m in Sources */ = {isa = PBXBuildFile; fileRef = 971FFC5B192D83000028FD0C /* Reachability.m */; };
		971FFC5F192D83860028FD0C /* Comms.m in Sources */ = {isa = PBXBuildFile; fileRef = 971FFC5E192D83860028FD0C /* Comms.m */; };
		97D57D91195E52A30057784F /* FacebookSDK.framework in Frameworks */ = {isa = PBXBuildFile; fileRef = 97D57D90195E52A30057784F /* FacebookSDK.framework */; };
		BB2E92C3199C60B10046041A /* appicon-29.png in Resources */ = {isa = PBXBuildFile; fileRef = BB2E92C0199C60B10046041A /* appicon-29.png */; };
		BB2E92C4199C60B10046041A /* appicon-40.png in Resources */ = {isa = PBXBuildFile; fileRef = BB2E92C1199C60B10046041A /* appicon-40.png */; };
		BB2E92C5199C60B10046041A /* appicon-60.png in Resources */ = {isa = PBXBuildFile; fileRef = BB2E92C2199C60B10046041A /* appicon-60.png */; };
		BB58E76D194CC1D0009CECAA /* infoViewController.m in Sources */ = {isa = PBXBuildFile; fileRef = BB58E76C194CC1D0009CECAA /* infoViewController.m */; };
		BB58E76F194CD68D009CECAA /* Main.storyboard in Resources */ = {isa = PBXBuildFile; fileRef = BB58E76E194CD68D009CECAA /* Main.storyboard */; };
		BB6B8ADA1926EF25001FB612 /* 1Descubre_icon-01.png in Resources */ = {isa = PBXBuildFile; fileRef = BB6B8AD41926EF25001FB612 /* 1Descubre_icon-01.png */; };
		BB6B8ADC1926EF25001FB612 /* 1Descubre_icon-03.png in Resources */ = {isa = PBXBuildFile; fileRef = BB6B8AD61926EF25001FB612 /* 1Descubre_icon-03.png */; };
		BB6B8ADD1926EF25001FB612 /* 1Descubre_icon-06.png in Resources */ = {isa = PBXBuildFile; fileRef = BB6B8AD71926EF25001FB612 /* 1Descubre_icon-06.png */; };
		BB6B8ADE1926EF25001FB612 /* 1Descubre_icon-07.png in Resources */ = {isa = PBXBuildFile; fileRef = BB6B8AD81926EF25001FB612 /* 1Descubre_icon-07.png */; };
		BB6B8ADF1926EF25001FB612 /* 1Descubre_icon-08.png in Resources */ = {isa = PBXBuildFile; fileRef = BB6B8AD91926EF25001FB612 /* 1Descubre_icon-08.png */; };
		BB6B8AE41926F23B001FB612 /* 1Descubre_icon-09.png in Resources */ = {isa = PBXBuildFile; fileRef = BB6B8AE11926F23B001FB612 /* 1Descubre_icon-09.png */; };
		BB6B8AE71926F287001FB612 /* 1Descubre_icon_10.png in Resources */ = {isa = PBXBuildFile; fileRef = BB6B8AE61926F287001FB612 /* 1Descubre_icon_10.png */; };
		BB6B8AE91926F2CC001FB612 /* 1Descubre_icon_02.png in Resources */ = {isa = PBXBuildFile; fileRef = BB6B8AE81926F2CC001FB612 /* 1Descubre_icon_02.png */; };
		BB6B8AF91926FA34001FB612 /* boton_califica.png in Resources */ = {isa = PBXBuildFile; fileRef = BB6B8AEC1926FA34001FB612 /* boton_califica.png */; };
		BB6B8AFA1926FA34001FB612 /* boton_facebook-on.png in Resources */ = {isa = PBXBuildFile; fileRef = BB6B8AED1926FA34001FB612 /* boton_facebook-on.png */; };
		BB6B8AFB1926FA34001FB612 /* boton_facebook.png in Resources */ = {isa = PBXBuildFile; fileRef = BB6B8AEE1926FA34001FB612 /* boton_facebook.png */; };
		BB6B8AFC1926FA34001FB612 /* boton_guardar-on.png in Resources */ = {isa = PBXBuildFile; fileRef = BB6B8AEF1926FA34001FB612 /* boton_guardar-on.png */; };
		BB6B8AFF1926FA34001FB612 /* boton_mapa.png in Resources */ = {isa = PBXBuildFile; fileRef = BB6B8AF21926FA34001FB612 /* boton_mapa.png */; };
		BB6B8B001926FA34001FB612 /* boton_megusta-on.png in Resources */ = {isa = PBXBuildFile; fileRef = BB6B8AF31926FA34001FB612 /* boton_megusta-on.png */; };
		BB6B8B021926FA34001FB612 /* boton_menu-on.png in Resources */ = {isa = PBXBuildFile; fileRef = BB6B8AF51926FA34001FB612 /* boton_menu-on.png */; };
		BB6B8B031926FA34001FB612 /* boton_menu.png in Resources */ = {isa = PBXBuildFile; fileRef = BB6B8AF61926FA34001FB612 /* boton_menu.png */; };
		BBB072241993E288002DEB15 /* iTunesArtwork@2x.png in Resources */ = {isa = PBXBuildFile; fileRef = BBB072071993E288002DEB15 /* iTunesArtwork@2x.png */; };
		BBB072251993E288002DEB15 /* foodstamp_title_01.png in Resources */ = {isa = PBXBuildFile; fileRef = BBB072091993E288002DEB15 /* foodstamp_title_01.png */; };
		BBB072261993E288002DEB15 /* FoodStamp_logo.png in Resources */ = {isa = PBXBuildFile; fileRef = BBB0720B1993E288002DEB15 /* FoodStamp_logo.png */; };
		BBB072271993E288002DEB15 /* icon_slidebar-02.png in Resources */ = {isa = PBXBuildFile; fileRef = BBB0720C1993E288002DEB15 /* icon_slidebar-02.png */; };
		BBB072281993E288002DEB15 /* slider_icon-1.png in Resources */ = {isa = PBXBuildFile; fileRef = BBB0720E1993E288002DEB15 /* slider_icon-1.png */; };
		BBB072291993E288002DEB15 /* slider_icon-2.png in Resources */ = {isa = PBXBuildFile; fileRef = BBB0720F1993E288002DEB15 /* slider_icon-2.png */; };
		BBB0722A1993E288002DEB15 /* slider_icon-3.png in Resources */ = {isa = PBXBuildFile; fileRef = BBB072101993E288002DEB15 /* slider_icon-3.png */; };
		BBB0722B1993E288002DEB15 /* slider_icon-4.png in Resources */ = {isa = PBXBuildFile; fileRef = BBB072111993E288002DEB15 /* slider_icon-4.png */; };
		BBB0722C1993E288002DEB15 /* slider_icon-5.png in Resources */ = {isa = PBXBuildFile; fileRef = BBB072121993E288002DEB15 /* slider_icon-5.png */; };
		BBB0722D1993E288002DEB15 /* slider_icon-6.png in Resources */ = {isa = PBXBuildFile; fileRef = BBB072131993E288002DEB15 /* slider_icon-6.png */; };
		BBB0722E1993E288002DEB15 /* slider_icon_-01.png in Resources */ = {isa = PBXBuildFile; fileRef = BBB072141993E288002DEB15 /* slider_icon_-01.png */; };
		BBB0722F1993E288002DEB15 /* slider_icon_-02.png in Resources */ = {isa = PBXBuildFile; fileRef = BBB072151993E288002DEB15 /* slider_icon_-02.png */; };
		BBB072301993E288002DEB15 /* slider_icon_-03.png in Resources */ = {isa = PBXBuildFile; fileRef = BBB072161993E288002DEB15 /* slider_icon_-03.png */; };
		BBB072311993E288002DEB15 /* slider_icon_-04.png in Resources */ = {isa = PBXBuildFile; fileRef = BBB072171993E288002DEB15 /* slider_icon_-04.png */; };
		BBB072321993E288002DEB15 /* slider_icon_-05.png in Resources */ = {isa = PBXBuildFile; fileRef = BBB072181993E288002DEB15 /* slider_icon_-05.png */; };
		BBB072331993E288002DEB15 /* slider_icon_-06.png in Resources */ = {isa = PBXBuildFile; fileRef = BBB072191993E288002DEB15 /* slider_icon_-06.png */; };
		BBB072341993E288002DEB15 /* boton_back-02.png in Resources */ = {isa = PBXBuildFile; fileRef = BBB0721B1993E288002DEB15 /* boton_back-02.png */; };
		BBB072351993E288002DEB15 /* boton_probado.png in Resources */ = {isa = PBXBuildFile; fileRef = BBB0721C1993E288002DEB15 /* boton_probado.png */; };
		BBB072361993E288002DEB15 /* boton_guardar-02.png in Resources */ = {isa = PBXBuildFile; fileRef = BBB0721E1993E288002DEB15 /* boton_guardar-02.png */; };
		BBB072371993E288002DEB15 /* boton_mapa.png in Resources */ = {isa = PBXBuildFile; fileRef = BBB0721F1993E288002DEB15 /* boton_mapa.png */; };
		BBB072381993E288002DEB15 /* boton_menu.png in Resources */ = {isa = PBXBuildFile; fileRef = BBB072201993E288002DEB15 /* boton_menu.png */; };
		BBD7C7011942AE410048488C /* infoTableViewCell.m in Sources */ = {isa = PBXBuildFile; fileRef = BBD7C7001942AE410048488C /* infoTableViewCell.m */; };
		BBE0ADEB199C694100E924A5 /* boton_restaurant-01.png in Resources */ = {isa = PBXBuildFile; fileRef = BBE0ADE7199C694100E924A5 /* boton_restaurant-01.png */; };
		BBE0ADEC199C694100E924A5 /* boton_restaurant.png in Resources */ = {isa = PBXBuildFile; fileRef = BBE0ADE8199C694100E924A5 /* boton_restaurant.png */; };
		BBE0ADED199C694100E924A5 /* boton-favorito-01-01.png in Resources */ = {isa = PBXBuildFile; fileRef = BBE0ADE9199C694100E924A5 /* boton-favorito-01-01.png */; };
		BBE0ADEE199C694100E924A5 /* boton-favorito-01.png in Resources */ = {isa = PBXBuildFile; fileRef = BBE0ADEA199C694100E924A5 /* boton-favorito-01.png */; };
		BBEB555D193C0484009D02B1 /* boton_back.png in Resources */ = {isa = PBXBuildFile; fileRef = BBEB555C193C0484009D02B1 /* boton_back.png */; };
		BBF40B7A194A07060073C2A4 /* menuViewController.m in Sources */ = {isa = PBXBuildFile; fileRef = BBF40B79194A07060073C2A4 /* menuViewController.m */; };
		BBF40B7F194A0D1B0073C2A4 /* menuCollectionViewCell.m in Sources */ = {isa = PBXBuildFile; fileRef = BBF40B7E194A0D1B0073C2A4 /* menuCollectionViewCell.m */; };
/* End PBXBuildFile section */

/* Begin PBXContainerItemProxy section */
		52CD882118E6335400C4FF46 /* PBXContainerItemProxy */ = {
			isa = PBXContainerItemProxy;
			containerPortal = 52CD87F318E6335300C4FF46 /* Project object */;
			proxyType = 1;
			remoteGlobalIDString = 52CD87FA18E6335400C4FF46;
			remoteInfo = FoodStamp;
		};
/* End PBXContainerItemProxy section */

/* Begin PBXFileReference section */
		52110D9718ED161F002B4B82 /* UserInteractionCell.h */ = {isa = PBXFileReference; fileEncoding = 4; lastKnownFileType = sourcecode.c.h; path = UserInteractionCell.h; sourceTree = "<group>"; };
		52110D9818ED161F002B4B82 /* UserInteractionCell.m */ = {isa = PBXFileReference; fileEncoding = 4; lastKnownFileType = sourcecode.c.objc; path = UserInteractionCell.m; sourceTree = "<group>"; };
		5268691018EFB10A00CD3876 /* icono_@.png */ = {isa = PBXFileReference; lastKnownFileType = image.png; path = "icono_@.png"; sourceTree = "<group>"; };
		5268691118EFB10A00CD3876 /* icono_hora.png */ = {isa = PBXFileReference; lastKnownFileType = image.png; path = icono_hora.png; sourceTree = "<group>"; };
		5268691218EFB10A00CD3876 /* icono_tarjeta.png */ = {isa = PBXFileReference; lastKnownFileType = image.png; path = icono_tarjeta.png; sourceTree = "<group>"; };
		5268691318EFB10A00CD3876 /* icono_tel.png */ = {isa = PBXFileReference; lastKnownFileType = image.png; path = icono_tel.png; sourceTree = "<group>"; };
		5268691418EFB10A00CD3876 /* icono_votacion.png */ = {isa = PBXFileReference; lastKnownFileType = image.png; path = icono_votacion.png; sourceTree = "<group>"; };
		5268692218EFB28100CD3876 /* DSC_54282.png */ = {isa = PBXFileReference; lastKnownFileType = image.png; path = DSC_54282.png; sourceTree = "<group>"; };
		5268692318EFB28100CD3876 /* DSC_55052.png */ = {isa = PBXFileReference; lastKnownFileType = image.png; path = DSC_55052.png; sourceTree = "<group>"; };
		5268692418EFB28100CD3876 /* DSC_55252.png */ = {isa = PBXFileReference; lastKnownFileType = image.png; path = DSC_55252.png; sourceTree = "<group>"; };
		5268692518EFB28100CD3876 /* DSC_55332.png */ = {isa = PBXFileReference; lastKnownFileType = image.png; path = DSC_55332.png; sourceTree = "<group>"; };
		5268692618EFB28100CD3876 /* DSC_55702.png */ = {isa = PBXFileReference; lastKnownFileType = image.png; path = DSC_55702.png; sourceTree = "<group>"; };
		5268692718EFB28100CD3876 /* DSC_56302.png */ = {isa = PBXFileReference; lastKnownFileType = image.png; path = DSC_56302.png; sourceTree = "<group>"; };
		5268692818EFB28100CD3876 /* DSC_56392.png */ = {isa = PBXFileReference; lastKnownFileType = image.png; path = DSC_56392.png; sourceTree = "<group>"; };
		5268692918EFB28100CD3876 /* DSC_56512.png */ = {isa = PBXFileReference; lastKnownFileType = image.png; path = DSC_56512.png; sourceTree = "<group>"; };
		5268692A18EFB28100CD3876 /* DSC_56692.png */ = {isa = PBXFileReference; lastKnownFileType = image.png; path = DSC_56692.png; sourceTree = "<group>"; };
		5268692B18EFB28100CD3876 /* DSC_56722.png */ = {isa = PBXFileReference; lastKnownFileType = image.png; path = DSC_56722.png; sourceTree = "<group>"; };
		5268693618EFB2FB00CD3876 /* img_Tchoza.png */ = {isa = PBXFileReference; lastKnownFileType = image.png; path = img_Tchoza.png; sourceTree = "<group>"; };
		5268693818EFB32B00CD3876 /* logo_choza.jpg */ = {isa = PBXFileReference; lastKnownFileType = image.jpeg; path = logo_choza.jpg; sourceTree = "<group>"; };
		5268693A18EFB37200CD3876 /* perfil_01.jpg */ = {isa = PBXFileReference; lastKnownFileType = image.jpeg; path = perfil_01.jpg; sourceTree = "<group>"; };
		5268693C18EFB3D900CD3876 /* FoodStamp_logo-01.png */ = {isa = PBXFileReference; lastKnownFileType = image.png; path = "FoodStamp_logo-01.png"; sourceTree = "<group>"; };
		5268694018EFB44200CD3876 /* boton_facebook-on.png */ = {isa = PBXFileReference; lastKnownFileType = image.png; path = "boton_facebook-on.png"; sourceTree = "<group>"; };
		5268694118EFB44200CD3876 /* boton_facebook.png */ = {isa = PBXFileReference; lastKnownFileType = image.png; path = boton_facebook.png; sourceTree = "<group>"; };
		5268694218EFB44200CD3876 /* boton_guardar-on.png */ = {isa = PBXFileReference; lastKnownFileType = image.png; path = "boton_guardar-on.png"; sourceTree = "<group>"; };
		5268694318EFB44200CD3876 /* boton_guardar.png */ = {isa = PBXFileReference; lastKnownFileType = image.png; path = boton_guardar.png; sourceTree = "<group>"; };
		5268694418EFB44200CD3876 /* boton_megusta-on.png */ = {isa = PBXFileReference; lastKnownFileType = image.png; path = "boton_megusta-on.png"; sourceTree = "<group>"; };
		5268694518EFB44200CD3876 /* boton_megusta.png */ = {isa = PBXFileReference; lastKnownFileType = image.png; path = boton_megusta.png; sourceTree = "<group>"; };
		5268694618EFB44200CD3876 /* manu_tabbar80.png */ = {isa = PBXFileReference; lastKnownFileType = image.png; path = manu_tabbar80.png; sourceTree = "<group>"; };
		5268694718EFB44200CD3876 /* mapa-01.png */ = {isa = PBXFileReference; lastKnownFileType = image.png; path = "mapa-01.png"; sourceTree = "<group>"; };
		526B390818ECE3A100B6D4FA /* RestaurantViewController.h */ = {isa = PBXFileReference; fileEncoding = 4; lastKnownFileType = sourcecode.c.h; path = RestaurantViewController.h; sourceTree = "<group>"; };
		526B390918ECE3A100B6D4FA /* RestaurantViewController.m */ = {isa = PBXFileReference; fileEncoding = 4; lastKnownFileType = sourcecode.c.objc; path = RestaurantViewController.m; sourceTree = "<group>"; };
		526B392B18ED14AF00B6D4FA /* RestInfoCell.h */ = {isa = PBXFileReference; fileEncoding = 4; lastKnownFileType = sourcecode.c.h; path = RestInfoCell.h; sourceTree = "<group>"; };
		526B392C18ED14AF00B6D4FA /* RestInfoCell.m */ = {isa = PBXFileReference; fileEncoding = 4; lastKnownFileType = sourcecode.c.objc; path = RestInfoCell.m; sourceTree = "<group>"; };
		528172A718E64F3D00835BED /* PlatilloViewController.h */ = {isa = PBXFileReference; fileEncoding = 4; lastKnownFileType = sourcecode.c.h; path = PlatilloViewController.h; sourceTree = "<group>"; };
		528172A818E64F3D00835BED /* PlatilloViewController.m */ = {isa = PBXFileReference; fileEncoding = 4; lastKnownFileType = sourcecode.c.objc; path = PlatilloViewController.m; sourceTree = "<group>"; };
		528172AA18E64FB400835BED /* FotoPlatilloCell.h */ = {isa = PBXFileReference; fileEncoding = 4; lastKnownFileType = sourcecode.c.h; path = FotoPlatilloCell.h; sourceTree = "<group>"; };
		528172AB18E64FB400835BED /* FotoPlatilloCell.m */ = {isa = PBXFileReference; fileEncoding = 4; lastKnownFileType = sourcecode.c.objc; path = FotoPlatilloCell.m; sourceTree = "<group>"; };
		5284FB9B18E8887F00D36386 /* DescripcionRestTableViewCell.h */ = {isa = PBXFileReference; fileEncoding = 4; lastKnownFileType = sourcecode.c.h; path = DescripcionRestTableViewCell.h; sourceTree = "<group>"; };
		5284FB9C18E8887F00D36386 /* DescripcionRestTableViewCell.m */ = {isa = PBXFileReference; fileEncoding = 4; lastKnownFileType = sourcecode.c.objc; path = DescripcionRestTableViewCell.m; sourceTree = "<group>"; };
		5284FBA318E8C05A00D36386 /* SocialCell.h */ = {isa = PBXFileReference; fileEncoding = 4; lastKnownFileType = sourcecode.c.h; path = SocialCell.h; sourceTree = "<group>"; };
		5284FBA418E8C05A00D36386 /* SocialCell.m */ = {isa = PBXFileReference; fileEncoding = 4; lastKnownFileType = sourcecode.c.objc; path = SocialCell.m; sourceTree = "<group>"; };
		528F75B018EDF931001EAEC6 /* LocationViewController.h */ = {isa = PBXFileReference; fileEncoding = 4; lastKnownFileType = sourcecode.c.h; path = LocationViewController.h; sourceTree = "<group>"; };
		528F75B118EDF931001EAEC6 /* LocationViewController.m */ = {isa = PBXFileReference; fileEncoding = 4; lastKnownFileType = sourcecode.c.objc; path = LocationViewController.m; sourceTree = "<group>"; };
		528F75B318EDFEDC001EAEC6 /* MapKit.framework */ = {isa = PBXFileReference; lastKnownFileType = wrapper.framework; name = MapKit.framework; path = System/Library/Frameworks/MapKit.framework; sourceTree = SDKROOT; };
		52A3A6BB18EA55C2005DC29A /* DirecCell.h */ = {isa = PBXFileReference; fileEncoding = 4; lastKnownFileType = sourcecode.c.h; path = DirecCell.h; sourceTree = "<group>"; };
		52A3A6BC18EA55C2005DC29A /* DirecCell.m */ = {isa = PBXFileReference; fileEncoding = 4; lastKnownFileType = sourcecode.c.objc; path = DirecCell.m; sourceTree = "<group>"; };
		52B2E0E218EB4BF400903CBC /* Parse.framework */ = {isa = PBXFileReference; lastKnownFileType = wrapper.framework; path = Parse.framework; sourceTree = "<group>"; };
		52B2E0E418EB4C2600903CBC /* AudioToolbox.framework */ = {isa = PBXFileReference; lastKnownFileType = wrapper.framework; name = AudioToolbox.framework; path = System/Library/Frameworks/AudioToolbox.framework; sourceTree = SDKROOT; };
		52B2E0E618EB4C2F00903CBC /* CFNetwork.framework */ = {isa = PBXFileReference; lastKnownFileType = wrapper.framework; name = CFNetwork.framework; path = System/Library/Frameworks/CFNetwork.framework; sourceTree = SDKROOT; };
		52B2E0E818EB4C3F00903CBC /* CoreLocation.framework */ = {isa = PBXFileReference; lastKnownFileType = wrapper.framework; name = CoreLocation.framework; path = System/Library/Frameworks/CoreLocation.framework; sourceTree = SDKROOT; };
		52B2E0EA18EB4C4900903CBC /* libz.dylib */ = {isa = PBXFileReference; lastKnownFileType = "compiled.mach-o.dylib"; name = libz.dylib; path = usr/lib/libz.dylib; sourceTree = SDKROOT; };
		52B2E0EC18EB4C5200903CBC /* MobileCoreServices.framework */ = {isa = PBXFileReference; lastKnownFileType = wrapper.framework; name = MobileCoreServices.framework; path = System/Library/Frameworks/MobileCoreServices.framework; sourceTree = SDKROOT; };
		52B2E0EE18EB4C5B00903CBC /* QuartzCore.framework */ = {isa = PBXFileReference; lastKnownFileType = wrapper.framework; name = QuartzCore.framework; path = System/Library/Frameworks/QuartzCore.framework; sourceTree = SDKROOT; };
		52B2E0F018EB4C6300903CBC /* Security.framework */ = {isa = PBXFileReference; lastKnownFileType = wrapper.framework; name = Security.framework; path = System/Library/Frameworks/Security.framework; sourceTree = SDKROOT; };
		52B2E0F218EB4C6C00903CBC /* StoreKit.framework */ = {isa = PBXFileReference; lastKnownFileType = wrapper.framework; name = StoreKit.framework; path = System/Library/Frameworks/StoreKit.framework; sourceTree = SDKROOT; };
		52B2E0F418EB4C7600903CBC /* SystemConfiguration.framework */ = {isa = PBXFileReference; lastKnownFileType = wrapper.framework; name = SystemConfiguration.framework; path = System/Library/Frameworks/SystemConfiguration.framework; sourceTree = SDKROOT; };
		52B2E10018EB61E100903CBC /* HomePlatilloCell.h */ = {isa = PBXFileReference; fileEncoding = 4; lastKnownFileType = sourcecode.c.h; path = HomePlatilloCell.h; sourceTree = "<group>"; };
		52B2E10118EB61E100903CBC /* HomePlatilloCell.m */ = {isa = PBXFileReference; fileEncoding = 4; lastKnownFileType = sourcecode.c.objc; path = HomePlatilloCell.m; sourceTree = "<group>"; };
		52CD87FB18E6335400C4FF46 /* FoodStamp.app */ = {isa = PBXFileReference; explicitFileType = wrapper.application; includeInIndex = 0; path = FoodStamp.app; sourceTree = BUILT_PRODUCTS_DIR; };
		52CD87FE18E6335400C4FF46 /* Foundation.framework */ = {isa = PBXFileReference; lastKnownFileType = wrapper.framework; name = Foundation.framework; path = System/Library/Frameworks/Foundation.framework; sourceTree = SDKROOT; };
		52CD880018E6335400C4FF46 /* CoreGraphics.framework */ = {isa = PBXFileReference; lastKnownFileType = wrapper.framework; name = CoreGraphics.framework; path = System/Library/Frameworks/CoreGraphics.framework; sourceTree = SDKROOT; };
		52CD880218E6335400C4FF46 /* UIKit.framework */ = {isa = PBXFileReference; lastKnownFileType = wrapper.framework; name = UIKit.framework; path = System/Library/Frameworks/UIKit.framework; sourceTree = SDKROOT; };
		52CD880618E6335400C4FF46 /* FoodStamp-Info.plist */ = {isa = PBXFileReference; lastKnownFileType = text.plist.xml; path = "FoodStamp-Info.plist"; sourceTree = "<group>"; };
		52CD880818E6335400C4FF46 /* en */ = {isa = PBXFileReference; lastKnownFileType = text.plist.strings; name = en; path = en.lproj/InfoPlist.strings; sourceTree = "<group>"; };
		52CD880A18E6335400C4FF46 /* main.m */ = {isa = PBXFileReference; lastKnownFileType = sourcecode.c.objc; path = main.m; sourceTree = "<group>"; };
		52CD880C18E6335400C4FF46 /* FoodStamp-Prefix.pch */ = {isa = PBXFileReference; lastKnownFileType = sourcecode.c.h; path = "FoodStamp-Prefix.pch"; sourceTree = "<group>"; };
		52CD880D18E6335400C4FF46 /* AppDelegate.h */ = {isa = PBXFileReference; lastKnownFileType = sourcecode.c.h; path = AppDelegate.h; sourceTree = "<group>"; };
		52CD880E18E6335400C4FF46 /* AppDelegate.m */ = {isa = PBXFileReference; lastKnownFileType = sourcecode.c.objc; path = AppDelegate.m; sourceTree = "<group>"; };
		52CD881318E6335400C4FF46 /* ViewController.h */ = {isa = PBXFileReference; lastKnownFileType = sourcecode.c.h; path = ViewController.h; sourceTree = "<group>"; };
		52CD881418E6335400C4FF46 /* ViewController.m */ = {isa = PBXFileReference; lastKnownFileType = sourcecode.c.objc; path = ViewController.m; sourceTree = "<group>"; };
		52CD881618E6335400C4FF46 /* Images.xcassets */ = {isa = PBXFileReference; lastKnownFileType = folder.assetcatalog; path = Images.xcassets; sourceTree = "<group>"; };
		52CD881C18E6335400C4FF46 /* FoodStampTests.xctest */ = {isa = PBXFileReference; explicitFileType = wrapper.cfbundle; includeInIndex = 0; path = FoodStampTests.xctest; sourceTree = BUILT_PRODUCTS_DIR; };
		52CD881D18E6335400C4FF46 /* XCTest.framework */ = {isa = PBXFileReference; lastKnownFileType = wrapper.framework; name = XCTest.framework; path = Library/Frameworks/XCTest.framework; sourceTree = DEVELOPER_DIR; };
		52CD882518E6335400C4FF46 /* FoodStampTests-Info.plist */ = {isa = PBXFileReference; lastKnownFileType = text.plist.xml; path = "FoodStampTests-Info.plist"; sourceTree = "<group>"; };
		52CD882718E6335400C4FF46 /* en */ = {isa = PBXFileReference; lastKnownFileType = text.plist.strings; name = en; path = en.lproj/InfoPlist.strings; sourceTree = "<group>"; };
		52CD882918E6335400C4FF46 /* FoodStampTests.m */ = {isa = PBXFileReference; lastKnownFileType = sourcecode.c.objc; path = FoodStampTests.m; sourceTree = "<group>"; };
		9718FC6A1901FAD9008C7C93 /* FSCache.h */ = {isa = PBXFileReference; fileEncoding = 4; lastKnownFileType = sourcecode.c.h; path = FSCache.h; sourceTree = "<group>"; };
		9718FC6B1901FAD9008C7C93 /* FSCache.m */ = {isa = PBXFileReference; fileEncoding = 4; lastKnownFileType = sourcecode.c.objc; path = FSCache.m; sourceTree = "<group>"; };
		971FFC4A192D805F0028FD0C /* background_logged2x.png */ = {isa = PBXFileReference; lastKnownFileType = image.png; path = background_logged2x.png; sourceTree = "<group>"; };
		971FFC4B192D805F0028FD0C /* facebook_login_pressed.png */ = {isa = PBXFileReference; lastKnownFileType = image.png; path = facebook_login_pressed.png; sourceTree = "<group>"; };
		971FFC4C192D805F0028FD0C /* facebook_login.png */ = {isa = PBXFileReference; lastKnownFileType = image.png; path = facebook_login.png; sourceTree = "<group>"; };
		971FFC51192D81220028FD0C /* FBLoginViewController.h */ = {isa = PBXFileReference; fileEncoding = 4; lastKnownFileType = sourcecode.c.h; path = FBLoginViewController.h; sourceTree = "<group>"; };
		971FFC52192D81220028FD0C /* FBLoginViewController.m */ = {isa = PBXFileReference; fileEncoding = 4; lastKnownFileType = sourcecode.c.objc; path = FBLoginViewController.m; sourceTree = "<group>"; };
		971FFC57192D82F40028FD0C /* MBProgressHUD.h */ = {isa = PBXFileReference; fileEncoding = 4; lastKnownFileType = sourcecode.c.h; path = MBProgressHUD.h; sourceTree = "<group>"; };
		971FFC58192D82F40028FD0C /* MBProgressHUD.m */ = {isa = PBXFileReference; fileEncoding = 4; lastKnownFileType = sourcecode.c.objc; path = MBProgressHUD.m; sourceTree = "<group>"; };
		971FFC5A192D83000028FD0C /* Reachability.h */ = {isa = PBXFileReference; fileEncoding = 4; lastKnownFileType = sourcecode.c.h; path = Reachability.h; sourceTree = "<group>"; };
		971FFC5B192D83000028FD0C /* Reachability.m */ = {isa = PBXFileReference; fileEncoding = 4; lastKnownFileType = sourcecode.c.objc; path = Reachability.m; sourceTree = "<group>"; };
		971FFC5D192D83860028FD0C /* Comms.h */ = {isa = PBXFileReference; fileEncoding = 4; lastKnownFileType = sourcecode.c.h; path = Comms.h; sourceTree = "<group>"; };
		971FFC5E192D83860028FD0C /* Comms.m */ = {isa = PBXFileReference; fileEncoding = 4; lastKnownFileType = sourcecode.c.objc; path = Comms.m; sourceTree = "<group>"; };
		97D57D90195E52A30057784F /* FacebookSDK.framework */ = {isa = PBXFileReference; lastKnownFileType = wrapper.framework; path = FacebookSDK.framework; sourceTree = "<group>"; };
		BB2E92C0199C60B10046041A /* appicon-29.png */ = {isa = PBXFileReference; lastKnownFileType = image.png; path = "appicon-29.png"; sourceTree = "<group>"; };
		BB2E92C1199C60B10046041A /* appicon-40.png */ = {isa = PBXFileReference; lastKnownFileType = image.png; path = "appicon-40.png"; sourceTree = "<group>"; };
		BB2E92C2199C60B10046041A /* appicon-60.png */ = {isa = PBXFileReference; lastKnownFileType = image.png; path = "appicon-60.png"; sourceTree = "<group>"; };
		BB58E76B194CC1D0009CECAA /* infoViewController.h */ = {isa = PBXFileReference; fileEncoding = 4; lastKnownFileType = sourcecode.c.h; path = infoViewController.h; sourceTree = "<group>"; };
		BB58E76C194CC1D0009CECAA /* infoViewController.m */ = {isa = PBXFileReference; fileEncoding = 4; lastKnownFileType = sourcecode.c.objc; path = infoViewController.m; sourceTree = "<group>"; };
		BB58E76E194CD68D009CECAA /* Main.storyboard */ = {isa = PBXFileReference; fileEncoding = 4; lastKnownFileType = file.storyboard; path = Main.storyboard; sourceTree = "<group>"; };
		BB6B8AD41926EF25001FB612 /* 1Descubre_icon-01.png */ = {isa = PBXFileReference; lastKnownFileType = image.png; name = "1Descubre_icon-01.png"; path = "screen2_Slider/1Descubre_icon-01.png"; sourceTree = "<group>"; };
		BB6B8AD61926EF25001FB612 /* 1Descubre_icon-03.png */ = {isa = PBXFileReference; lastKnownFileType = image.png; name = "1Descubre_icon-03.png"; path = "screen2_Slider/1Descubre_icon-03.png"; sourceTree = "<group>"; };
		BB6B8AD71926EF25001FB612 /* 1Descubre_icon-06.png */ = {isa = PBXFileReference; lastKnownFileType = image.png; name = "1Descubre_icon-06.png"; path = "screen2_Slider/1Descubre_icon-06.png"; sourceTree = "<group>"; };
		BB6B8AD81926EF25001FB612 /* 1Descubre_icon-07.png */ = {isa = PBXFileReference; lastKnownFileType = image.png; name = "1Descubre_icon-07.png"; path = "screen2_Slider/1Descubre_icon-07.png"; sourceTree = "<group>"; };
		BB6B8AD91926EF25001FB612 /* 1Descubre_icon-08.png */ = {isa = PBXFileReference; lastKnownFileType = image.png; name = "1Descubre_icon-08.png"; path = "screen2_Slider/1Descubre_icon-08.png"; sourceTree = "<group>"; };
		BB6B8AE11926F23B001FB612 /* 1Descubre_icon-09.png */ = {isa = PBXFileReference; lastKnownFileType = image.png; name = "1Descubre_icon-09.png"; path = "screen2_Slider/1Descubre_icon-09.png"; sourceTree = "<group>"; };
		BB6B8AE61926F287001FB612 /* 1Descubre_icon_10.png */ = {isa = PBXFileReference; lastKnownFileType = image.png; name = 1Descubre_icon_10.png; path = screen2_Slider/1Descubre_icon_10.png; sourceTree = "<group>"; };
		BB6B8AE81926F2CC001FB612 /* 1Descubre_icon_02.png */ = {isa = PBXFileReference; lastKnownFileType = image.png; name = 1Descubre_icon_02.png; path = screen2_Slider/1Descubre_icon_02.png; sourceTree = "<group>"; };
		BB6B8AEA1926FA34001FB612 /* boton_back.png */ = {isa = PBXFileReference; lastKnownFileType = image.png; name = boton_back.png; path = Botones/boton_back.png; sourceTree = "<group>"; };
		BB6B8AEB1926FA34001FB612 /* boton_califica-on.png */ = {isa = PBXFileReference; lastKnownFileType = image.png; name = "boton_califica-on.png"; path = "Botones/boton_califica-on.png"; sourceTree = "<group>"; };
		BB6B8AEC1926FA34001FB612 /* boton_califica.png */ = {isa = PBXFileReference; lastKnownFileType = image.png; name = boton_califica.png; path = Botones/boton_califica.png; sourceTree = "<group>"; };
		BB6B8AED1926FA34001FB612 /* boton_facebook-on.png */ = {isa = PBXFileReference; lastKnownFileType = image.png; name = "boton_facebook-on.png"; path = "Botones/boton_facebook-on.png"; sourceTree = "<group>"; };
		BB6B8AEE1926FA34001FB612 /* boton_facebook.png */ = {isa = PBXFileReference; lastKnownFileType = image.png; name = boton_facebook.png; path = Botones/boton_facebook.png; sourceTree = "<group>"; };
		BB6B8AEF1926FA34001FB612 /* boton_guardar-on.png */ = {isa = PBXFileReference; lastKnownFileType = image.png; name = "boton_guardar-on.png"; path = "Botones/boton_guardar-on.png"; sourceTree = "<group>"; };
		BB6B8AF01926FA34001FB612 /* boton_guardar.png */ = {isa = PBXFileReference; lastKnownFileType = image.png; name = boton_guardar.png; path = Botones/boton_guardar.png; sourceTree = "<group>"; };
		BB6B8AF11926FA34001FB612 /* boton_mapa-on.png */ = {isa = PBXFileReference; lastKnownFileType = image.png; name = "boton_mapa-on.png"; path = "Botones/boton_mapa-on.png"; sourceTree = "<group>"; };
		BB6B8AF21926FA34001FB612 /* boton_mapa.png */ = {isa = PBXFileReference; lastKnownFileType = image.png; name = boton_mapa.png; path = Botones/boton_mapa.png; sourceTree = "<group>"; };
		BB6B8AF31926FA34001FB612 /* boton_megusta-on.png */ = {isa = PBXFileReference; lastKnownFileType = image.png; name = "boton_megusta-on.png"; path = "Botones/boton_megusta-on.png"; sourceTree = "<group>"; };
		BB6B8AF41926FA34001FB612 /* boton_megusta.png */ = {isa = PBXFileReference; lastKnownFileType = image.png; name = boton_megusta.png; path = Botones/boton_megusta.png; sourceTree = "<group>"; };
		BB6B8AF51926FA34001FB612 /* boton_menu-on.png */ = {isa = PBXFileReference; lastKnownFileType = image.png; name = "boton_menu-on.png"; path = "Botones/boton_menu-on.png"; sourceTree = "<group>"; };
		BB6B8AF61926FA34001FB612 /* boton_menu.png */ = {isa = PBXFileReference; lastKnownFileType = image.png; name = boton_menu.png; path = Botones/boton_menu.png; sourceTree = "<group>"; };
		BBB072071993E288002DEB15 /* iTunesArtwork@2x.png */ = {isa = PBXFileReference; lastKnownFileType = image.png; path = "iTunesArtwork@2x.png"; sourceTree = "<group>"; };
		BBB072091993E288002DEB15 /* foodstamp_title_01.png */ = {isa = PBXFileReference; lastKnownFileType = image.png; path = foodstamp_title_01.png; sourceTree = "<group>"; };
		BBB0720B1993E288002DEB15 /* FoodStamp_logo.png */ = {isa = PBXFileReference; lastKnownFileType = image.png; path = FoodStamp_logo.png; sourceTree = "<group>"; };
		BBB0720C1993E288002DEB15 /* icon_slidebar-02.png */ = {isa = PBXFileReference; lastKnownFileType = image.png; path = "icon_slidebar-02.png"; sourceTree = "<group>"; };
		BBB0720E1993E288002DEB15 /* slider_icon-1.png */ = {isa = PBXFileReference; lastKnownFileType = image.png; path = "slider_icon-1.png"; sourceTree = "<group>"; };
		BBB0720F1993E288002DEB15 /* slider_icon-2.png */ = {isa = PBXFileReference; lastKnownFileType = image.png; path = "slider_icon-2.png"; sourceTree = "<group>"; };
		BBB072101993E288002DEB15 /* slider_icon-3.png */ = {isa = PBXFileReference; lastKnownFileType = image.png; path = "slider_icon-3.png"; sourceTree = "<group>"; };
		BBB072111993E288002DEB15 /* slider_icon-4.png */ = {isa = PBXFileReference; lastKnownFileType = image.png; path = "slider_icon-4.png"; sourceTree = "<group>"; };
		BBB072121993E288002DEB15 /* slider_icon-5.png */ = {isa = PBXFileReference; lastKnownFileType = image.png; path = "slider_icon-5.png"; sourceTree = "<group>"; };
		BBB072131993E288002DEB15 /* slider_icon-6.png */ = {isa = PBXFileReference; lastKnownFileType = image.png; path = "slider_icon-6.png"; sourceTree = "<group>"; };
		BBB072141993E288002DEB15 /* slider_icon_-01.png */ = {isa = PBXFileReference; lastKnownFileType = image.png; path = "slider_icon_-01.png"; sourceTree = "<group>"; };
		BBB072151993E288002DEB15 /* slider_icon_-02.png */ = {isa = PBXFileReference; lastKnownFileType = image.png; path = "slider_icon_-02.png"; sourceTree = "<group>"; };
		BBB072161993E288002DEB15 /* slider_icon_-03.png */ = {isa = PBXFileReference; lastKnownFileType = image.png; path = "slider_icon_-03.png"; sourceTree = "<group>"; };
		BBB072171993E288002DEB15 /* slider_icon_-04.png */ = {isa = PBXFileReference; lastKnownFileType = image.png; path = "slider_icon_-04.png"; sourceTree = "<group>"; };
		BBB072181993E288002DEB15 /* slider_icon_-05.png */ = {isa = PBXFileReference; lastKnownFileType = image.png; path = "slider_icon_-05.png"; sourceTree = "<group>"; };
		BBB072191993E288002DEB15 /* slider_icon_-06.png */ = {isa = PBXFileReference; lastKnownFileType = image.png; path = "slider_icon_-06.png"; sourceTree = "<group>"; };
		BBB0721B1993E288002DEB15 /* boton_back-02.png */ = {isa = PBXFileReference; lastKnownFileType = image.png; path = "boton_back-02.png"; sourceTree = "<group>"; };
		BBB0721C1993E288002DEB15 /* boton_probado.png */ = {isa = PBXFileReference; lastKnownFileType = image.png; path = boton_probado.png; sourceTree = "<group>"; };
		BBB0721E1993E288002DEB15 /* boton_guardar-02.png */ = {isa = PBXFileReference; lastKnownFileType = image.png; path = "boton_guardar-02.png"; sourceTree = "<group>"; };
		BBB0721F1993E288002DEB15 /* boton_mapa.png */ = {isa = PBXFileReference; lastKnownFileType = image.png; path = boton_mapa.png; sourceTree = "<group>"; };
		BBB072201993E288002DEB15 /* boton_menu.png */ = {isa = PBXFileReference; lastKnownFileType = image.png; path = boton_menu.png; sourceTree = "<group>"; };
		BBD7C6FF1942AE410048488C /* infoTableViewCell.h */ = {isa = PBXFileReference; fileEncoding = 4; lastKnownFileType = sourcecode.c.h; path = infoTableViewCell.h; sourceTree = "<group>"; };
		BBD7C7001942AE410048488C /* infoTableViewCell.m */ = {isa = PBXFileReference; fileEncoding = 4; lastKnownFileType = sourcecode.c.objc; path = infoTableViewCell.m; sourceTree = "<group>"; };
		BBE0ADE7199C694100E924A5 /* boton_restaurant-01.png */ = {isa = PBXFileReference; lastKnownFileType = image.png; path = "boton_restaurant-01.png"; sourceTree = "<group>"; };
		BBE0ADE8199C694100E924A5 /* boton_restaurant.png */ = {isa = PBXFileReference; lastKnownFileType = image.png; path = boton_restaurant.png; sourceTree = "<group>"; };
		BBE0ADE9199C694100E924A5 /* boton-favorito-01-01.png */ = {isa = PBXFileReference; lastKnownFileType = image.png; path = "boton-favorito-01-01.png"; sourceTree = "<group>"; };
		BBE0ADEA199C694100E924A5 /* boton-favorito-01.png */ = {isa = PBXFileReference; lastKnownFileType = image.png; path = "boton-favorito-01.png"; sourceTree = "<group>"; };
		BBEB555C193C0484009D02B1 /* boton_back.png */ = {isa = PBXFileReference; lastKnownFileType = image.png; path = boton_back.png; sourceTree = "<group>"; };
		BBF40B78194A07060073C2A4 /* menuViewController.h */ = {isa = PBXFileReference; fileEncoding = 4; lastKnownFileType = sourcecode.c.h; path = menuViewController.h; sourceTree = "<group>"; };
		BBF40B79194A07060073C2A4 /* menuViewController.m */ = {isa = PBXFileReference; fileEncoding = 4; lastKnownFileType = sourcecode.c.objc; path = menuViewController.m; sourceTree = "<group>"; };
		BBF40B7D194A0D1B0073C2A4 /* menuCollectionViewCell.h */ = {isa = PBXFileReference; fileEncoding = 4; lastKnownFileType = sourcecode.c.h; path = menuCollectionViewCell.h; sourceTree = "<group>"; };
		BBF40B7E194A0D1B0073C2A4 /* menuCollectionViewCell.m */ = {isa = PBXFileReference; fileEncoding = 4; lastKnownFileType = sourcecode.c.objc; path = menuCollectionViewCell.m; sourceTree = "<group>"; };
/* End PBXFileReference section */

/* Begin PBXFrameworksBuildPhase section */
		52CD87F818E6335400C4FF46 /* Frameworks */ = {
			isa = PBXFrameworksBuildPhase;
			buildActionMask = 2147483647;
			files = (
				528F75B418EDFEDC001EAEC6 /* MapKit.framework in Frameworks */,
				52B2E0F518EB4C7600903CBC /* SystemConfiguration.framework in Frameworks */,
				52B2E0F318EB4C6C00903CBC /* StoreKit.framework in Frameworks */,
				52B2E0F118EB4C6300903CBC /* Security.framework in Frameworks */,
				52B2E0EF18EB4C5B00903CBC /* QuartzCore.framework in Frameworks */,
				52B2E0ED18EB4C5200903CBC /* MobileCoreServices.framework in Frameworks */,
				52B2E0EB18EB4C4900903CBC /* libz.dylib in Frameworks */,
				52B2E0E918EB4C3F00903CBC /* CoreLocation.framework in Frameworks */,
				52CD880118E6335400C4FF46 /* CoreGraphics.framework in Frameworks */,
				52B2E0E718EB4C2F00903CBC /* CFNetwork.framework in Frameworks */,
				52B2E0E518EB4C2600903CBC /* AudioToolbox.framework in Frameworks */,
				97D57D91195E52A30057784F /* FacebookSDK.framework in Frameworks */,
				52CD880318E6335400C4FF46 /* UIKit.framework in Frameworks */,
				52B2E0E318EB4BF400903CBC /* Parse.framework in Frameworks */,
				52CD87FF18E6335400C4FF46 /* Foundation.framework in Frameworks */,
			);
			runOnlyForDeploymentPostprocessing = 0;
		};
		52CD881918E6335400C4FF46 /* Frameworks */ = {
			isa = PBXFrameworksBuildPhase;
			buildActionMask = 2147483647;
			files = (
				52CD881E18E6335400C4FF46 /* XCTest.framework in Frameworks */,
				52CD882018E6335400C4FF46 /* UIKit.framework in Frameworks */,
				52CD881F18E6335400C4FF46 /* Foundation.framework in Frameworks */,
			);
			runOnlyForDeploymentPostprocessing = 0;
		};
/* End PBXFrameworksBuildPhase section */

/* Begin PBXGroup section */
		520A1E9818E663CB0029CB74 /* FotoPlatilloCell */ = {
			isa = PBXGroup;
			children = (
				528172AA18E64FB400835BED /* FotoPlatilloCell.h */,
				528172AB18E64FB400835BED /* FotoPlatilloCell.m */,
			);
			name = FotoPlatilloCell;
			sourceTree = "<group>";
		};
		520A1E9B18E664180029CB74 /* iconosCell */ = {
			isa = PBXGroup;
			children = (
				5284FBA318E8C05A00D36386 /* SocialCell.h */,
				5284FBA418E8C05A00D36386 /* SocialCell.m */,
			);
			name = iconosCell;
			sourceTree = "<group>";
		};
		520A1E9C18E664520029CB74 /* DirecciónCell */ = {
			isa = PBXGroup;
			children = (
				52A3A6BB18EA55C2005DC29A /* DirecCell.h */,
				52A3A6BC18EA55C2005DC29A /* DirecCell.m */,
			);
			name = "DirecciónCell";
			sourceTree = "<group>";
		};
		52110D9618ED15FA002B4B82 /* UserInteractionCell */ = {
			isa = PBXGroup;
			children = (
				52110D9718ED161F002B4B82 /* UserInteractionCell.h */,
				52110D9818ED161F002B4B82 /* UserInteractionCell.m */,
			);
			name = UserInteractionCell;
			sourceTree = "<group>";
		};
		524BC66618ED220000B28565 /* platillos */ = {
			isa = PBXGroup;
			children = (
				5268693A18EFB37200CD3876 /* perfil_01.jpg */,
				5268693818EFB32B00CD3876 /* logo_choza.jpg */,
				5268693618EFB2FB00CD3876 /* img_Tchoza.png */,
				5268692218EFB28100CD3876 /* DSC_54282.png */,
				5268692318EFB28100CD3876 /* DSC_55052.png */,
				5268692418EFB28100CD3876 /* DSC_55252.png */,
				5268692518EFB28100CD3876 /* DSC_55332.png */,
				5268692618EFB28100CD3876 /* DSC_55702.png */,
				5268692718EFB28100CD3876 /* DSC_56302.png */,
				5268692818EFB28100CD3876 /* DSC_56392.png */,
				5268692918EFB28100CD3876 /* DSC_56512.png */,
				5268692A18EFB28100CD3876 /* DSC_56692.png */,
				5268692B18EFB28100CD3876 /* DSC_56722.png */,
			);
			name = platillos;
			sourceTree = "<group>";
		};
		5268693E18EFB44200CD3876 /* iconos */ = {
			isa = PBXGroup;
			children = (
				BBEB555C193C0484009D02B1 /* boton_back.png */,
				5268694018EFB44200CD3876 /* boton_facebook-on.png */,
				5268694118EFB44200CD3876 /* boton_facebook.png */,
				5268694218EFB44200CD3876 /* boton_guardar-on.png */,
				5268694318EFB44200CD3876 /* boton_guardar.png */,
				5268694418EFB44200CD3876 /* boton_megusta-on.png */,
				5268694518EFB44200CD3876 /* boton_megusta.png */,
				5268694618EFB44200CD3876 /* manu_tabbar80.png */,
				5268694718EFB44200CD3876 /* mapa-01.png */,
			);
			path = iconos;
			sourceTree = "<group>";
		};
		526B390718ECE36000B6D4FA /* RestaurantViewController */ = {
			isa = PBXGroup;
			children = (
				BBD7C6FE1942AE200048488C /* infoCell */,
				52110D9618ED15FA002B4B82 /* UserInteractionCell */,
				526B392A18ED13A200B6D4FA /* DescripcionRestViewCell */,
				526B390818ECE3A100B6D4FA /* RestaurantViewController.h */,
				526B390918ECE3A100B6D4FA /* RestaurantViewController.m */,
			);
			name = RestaurantViewController;
			sourceTree = "<group>";
		};
		526B390F18ECEFF700B6D4FA /* IconosRestaurant */ = {
			isa = PBXGroup;
			children = (
				BB6B8AEA1926FA34001FB612 /* boton_back.png */,
				BB6B8AEB1926FA34001FB612 /* boton_califica-on.png */,
				BB6B8AEC1926FA34001FB612 /* boton_califica.png */,
				BB6B8AED1926FA34001FB612 /* boton_facebook-on.png */,
				BB6B8AEE1926FA34001FB612 /* boton_facebook.png */,
				BB6B8AEF1926FA34001FB612 /* boton_guardar-on.png */,
				BB6B8AF01926FA34001FB612 /* boton_guardar.png */,
				BB6B8AF11926FA34001FB612 /* boton_mapa-on.png */,
				BB6B8AF21926FA34001FB612 /* boton_mapa.png */,
				BB6B8AF31926FA34001FB612 /* boton_megusta-on.png */,
				BB6B8AF41926FA34001FB612 /* boton_megusta.png */,
				BB6B8AF51926FA34001FB612 /* boton_menu-on.png */,
				BB6B8AF61926FA34001FB612 /* boton_menu.png */,
				5268691018EFB10A00CD3876 /* icono_@.png */,
				5268691118EFB10A00CD3876 /* icono_hora.png */,
				5268691218EFB10A00CD3876 /* icono_tarjeta.png */,
				5268691318EFB10A00CD3876 /* icono_tel.png */,
				5268691418EFB10A00CD3876 /* icono_votacion.png */,
			);
			name = IconosRestaurant;
			sourceTree = "<group>";
		};
		526B392A18ED13A200B6D4FA /* DescripcionRestViewCell */ = {
			isa = PBXGroup;
			children = (
				526B392B18ED14AF00B6D4FA /* RestInfoCell.h */,
				526B392C18ED14AF00B6D4FA /* RestInfoCell.m */,
			);
			name = DescripcionRestViewCell;
			sourceTree = "<group>";
		};
		5281729F18E64AAE00835BED /* Choza */ = {
			isa = PBXGroup;
			children = (
				524BC66618ED220000B28565 /* platillos */,
			);
			name = Choza;
			sourceTree = "<group>";
		};
		528172A618E64EBD00835BED /* PlatilloViewController */ = {
			isa = PBXGroup;
			children = (
				5284FB9A18E8880800D36386 /* DescripciónRestCell */,
				520A1E9C18E664520029CB74 /* DirecciónCell */,
				520A1E9B18E664180029CB74 /* iconosCell */,
				520A1E9818E663CB0029CB74 /* FotoPlatilloCell */,
				528172A718E64F3D00835BED /* PlatilloViewController.h */,
				528172A818E64F3D00835BED /* PlatilloViewController.m */,
			);
			name = PlatilloViewController;
			sourceTree = "<group>";
		};
		5284FB9A18E8880800D36386 /* DescripciónRestCell */ = {
			isa = PBXGroup;
			children = (
				5284FB9B18E8887F00D36386 /* DescripcionRestTableViewCell.h */,
				5284FB9C18E8887F00D36386 /* DescripcionRestTableViewCell.m */,
			);
			name = "DescripciónRestCell";
			sourceTree = "<group>";
		};
		528F75AE18EDEE13001EAEC6 /* AppIcons */ = {
			isa = PBXGroup;
			children = (
				BB6B8AE81926F2CC001FB612 /* 1Descubre_icon_02.png */,
				BB6B8AE61926F287001FB612 /* 1Descubre_icon_10.png */,
				BB6B8AE11926F23B001FB612 /* 1Descubre_icon-09.png */,
				BB6B8AD41926EF25001FB612 /* 1Descubre_icon-01.png */,
				BB6B8AD61926EF25001FB612 /* 1Descubre_icon-03.png */,
				BB6B8AD71926EF25001FB612 /* 1Descubre_icon-06.png */,
				BB6B8AD81926EF25001FB612 /* 1Descubre_icon-07.png */,
				BB6B8AD91926EF25001FB612 /* 1Descubre_icon-08.png */,
			);
			name = AppIcons;
			sourceTree = "<group>";
		};
		528F75AF18EDF911001EAEC6 /* LocationViewController */ = {
			isa = PBXGroup;
			children = (
				528F75B018EDF931001EAEC6 /* LocationViewController.h */,
				528F75B118EDF931001EAEC6 /* LocationViewController.m */,
			);
			name = LocationViewController;
			sourceTree = "<group>";
		};
		52A5105218E6437100C36709 /* Images */ = {
			isa = PBXGroup;
			children = (
				BBB072021993E288002DEB15 /* POR AGREGAR */,
				971FFC49192D80500028FD0C /* Resources */,
				5268693C18EFB3D900CD3876 /* FoodStamp_logo-01.png */,
				528F75AE18EDEE13001EAEC6 /* AppIcons */,
				526B390F18ECEFF700B6D4FA /* IconosRestaurant */,
				52CEF1B118ECC81C00C98628 /* IconosDescubre */,
				5281729F18E64AAE00835BED /* Choza */,
				52A5106A18E6448E00C36709 /* Iconos */,
			);
			name = Images;
			sourceTree = "<group>";
		};
		52A5106A18E6448E00C36709 /* Iconos */ = {
			isa = PBXGroup;
			children = (
				5268693E18EFB44200CD3876 /* iconos */,
			);
			name = Iconos;
			sourceTree = "<group>";
		};
		52B2E10318EB61F300903CBC /* HomeViewController */ = {
			isa = PBXGroup;
			children = (
				52CD881318E6335400C4FF46 /* ViewController.h */,
				52CD881418E6335400C4FF46 /* ViewController.m */,
				52B2E10418EB620600903CBC /* HomePlatilloCell */,
			);
			name = HomeViewController;
			sourceTree = "<group>";
		};
		52B2E10418EB620600903CBC /* HomePlatilloCell */ = {
			isa = PBXGroup;
			children = (
				52B2E10018EB61E100903CBC /* HomePlatilloCell.h */,
				52B2E10118EB61E100903CBC /* HomePlatilloCell.m */,
			);
			name = HomePlatilloCell;
			sourceTree = "<group>";
		};
		52CD87F218E6335300C4FF46 = {
			isa = PBXGroup;
			children = (
				BB58E76E194CD68D009CECAA /* Main.storyboard */,
				52CD880418E6335400C4FF46 /* FoodStamp */,
				52CD882318E6335400C4FF46 /* FoodStampTests */,
				52CD87FD18E6335400C4FF46 /* Frameworks */,
				52CD87FC18E6335400C4FF46 /* Products */,
			);
			sourceTree = "<group>";
		};
		52CD87FC18E6335400C4FF46 /* Products */ = {
			isa = PBXGroup;
			children = (
				52CD87FB18E6335400C4FF46 /* FoodStamp.app */,
				52CD881C18E6335400C4FF46 /* FoodStampTests.xctest */,
			);
			name = Products;
			sourceTree = "<group>";
		};
		52CD87FD18E6335400C4FF46 /* Frameworks */ = {
			isa = PBXGroup;
			children = (
				97D57D90195E52A30057784F /* FacebookSDK.framework */,
				528F75B318EDFEDC001EAEC6 /* MapKit.framework */,
				52B2E0F418EB4C7600903CBC /* SystemConfiguration.framework */,
				52B2E0F218EB4C6C00903CBC /* StoreKit.framework */,
				52B2E0F018EB4C6300903CBC /* Security.framework */,
				52B2E0EE18EB4C5B00903CBC /* QuartzCore.framework */,
				52B2E0EC18EB4C5200903CBC /* MobileCoreServices.framework */,
				52B2E0EA18EB4C4900903CBC /* libz.dylib */,
				52B2E0E818EB4C3F00903CBC /* CoreLocation.framework */,
				52B2E0E618EB4C2F00903CBC /* CFNetwork.framework */,
				52B2E0E418EB4C2600903CBC /* AudioToolbox.framework */,
				52B2E0E218EB4BF400903CBC /* Parse.framework */,
				52CD87FE18E6335400C4FF46 /* Foundation.framework */,
				52CD880018E6335400C4FF46 /* CoreGraphics.framework */,
				52CD880218E6335400C4FF46 /* UIKit.framework */,
				52CD881D18E6335400C4FF46 /* XCTest.framework */,
			);
			name = Frameworks;
			sourceTree = "<group>";
		};
		52CD880418E6335400C4FF46 /* FoodStamp */ = {
			isa = PBXGroup;
			children = (
				971FFC54192D82A80028FD0C /* Vendor */,
				971FFC50192D81070028FD0C /* LogInViewController */,
				BB58E76A194CC13D009CECAA /* InfoViewController */,
				BBF40B7B194A07150073C2A4 /* menuViewController */,
				528F75AF18EDF911001EAEC6 /* LocationViewController */,
				526B390718ECE36000B6D4FA /* RestaurantViewController */,
				528172A618E64EBD00835BED /* PlatilloViewController */,
				52B2E10318EB61F300903CBC /* HomeViewController */,
				52CD880D18E6335400C4FF46 /* AppDelegate.h */,
				52CD880E18E6335400C4FF46 /* AppDelegate.m */,
				52CD881618E6335400C4FF46 /* Images.xcassets */,
				52CD880518E6335400C4FF46 /* Supporting Files */,
				9718FC6A1901FAD9008C7C93 /* FSCache.h */,
				9718FC6B1901FAD9008C7C93 /* FSCache.m */,
			);
			path = FoodStamp;
			sourceTree = "<group>";
		};
		52CD880518E6335400C4FF46 /* Supporting Files */ = {
			isa = PBXGroup;
			children = (
				52A5105218E6437100C36709 /* Images */,
				52CD880618E6335400C4FF46 /* FoodStamp-Info.plist */,
				52CD880718E6335400C4FF46 /* InfoPlist.strings */,
				52CD880A18E6335400C4FF46 /* main.m */,
				52CD880C18E6335400C4FF46 /* FoodStamp-Prefix.pch */,
			);
			name = "Supporting Files";
			sourceTree = "<group>";
		};
		52CD882318E6335400C4FF46 /* FoodStampTests */ = {
			isa = PBXGroup;
			children = (
				52CD882918E6335400C4FF46 /* FoodStampTests.m */,
				52CD882418E6335400C4FF46 /* Supporting Files */,
			);
			path = FoodStampTests;
			sourceTree = "<group>";
		};
		52CD882418E6335400C4FF46 /* Supporting Files */ = {
			isa = PBXGroup;
			children = (
				52CD882518E6335400C4FF46 /* FoodStampTests-Info.plist */,
				52CD882618E6335400C4FF46 /* InfoPlist.strings */,
			);
			name = "Supporting Files";
			sourceTree = "<group>";
		};
		52CEF1B118ECC81C00C98628 /* IconosDescubre */ = {
			isa = PBXGroup;
			children = (
			);
			name = IconosDescubre;
			sourceTree = "<group>";
		};
		971FFC49192D80500028FD0C /* Resources */ = {
			isa = PBXGroup;
			children = (
				971FFC4A192D805F0028FD0C /* background_logged2x.png */,
				971FFC4B192D805F0028FD0C /* facebook_login_pressed.png */,
				971FFC4C192D805F0028FD0C /* facebook_login.png */,
			);
			name = Resources;
			sourceTree = "<group>";
		};
		971FFC50192D81070028FD0C /* LogInViewController */ = {
			isa = PBXGroup;
			children = (
				971FFC5D192D83860028FD0C /* Comms.h */,
				971FFC5E192D83860028FD0C /* Comms.m */,
				971FFC51192D81220028FD0C /* FBLoginViewController.h */,
				971FFC52192D81220028FD0C /* FBLoginViewController.m */,
			);
			name = LogInViewController;
			sourceTree = "<group>";
		};
		971FFC54192D82A80028FD0C /* Vendor */ = {
			isa = PBXGroup;
			children = (
				971FFC56192D82D10028FD0C /* MBProgressHUD */,
				971FFC55192D82BA0028FD0C /* Reachability */,
			);
			name = Vendor;
			sourceTree = "<group>";
		};
		971FFC55192D82BA0028FD0C /* Reachability */ = {
			isa = PBXGroup;
			children = (
				971FFC5A192D83000028FD0C /* Reachability.h */,
				971FFC5B192D83000028FD0C /* Reachability.m */,
			);
			name = Reachability;
			sourceTree = "<group>";
		};
		971FFC56192D82D10028FD0C /* MBProgressHUD */ = {
			isa = PBXGroup;
			children = (
				971FFC57192D82F40028FD0C /* MBProgressHUD.h */,
				971FFC58192D82F40028FD0C /* MBProgressHUD.m */,
			);
			name = MBProgressHUD;
			sourceTree = "<group>";
		};
		BB58E76A194CC13D009CECAA /* InfoViewController */ = {
			isa = PBXGroup;
			children = (
				BB58E76B194CC1D0009CECAA /* infoViewController.h */,
				BB58E76C194CC1D0009CECAA /* infoViewController.m */,
			);
			name = InfoViewController;
			sourceTree = "<group>";
		};
		BBB072021993E288002DEB15 /* POR AGREGAR */ = {
			isa = PBXGroup;
			children = (
				BBB072031993E288002DEB15 /* launch icon */,
				BBB072081993E288002DEB15 /* screen0_inico */,
				BBB0720A1993E288002DEB15 /* screen1_home */,
				BBB0720D1993E288002DEB15 /* screen2_slider */,
				BBB0721A1993E288002DEB15 /* screen3_platillo */,
				BBB0721D1993E288002DEB15 /* screen4_restaurantes */,
			);
			path = "POR AGREGAR";
			sourceTree = "<group>";
		};
		BBB072031993E288002DEB15 /* launch icon */ = {
			isa = PBXGroup;
			children = (
				BB2E92C0199C60B10046041A /* appicon-29.png */,
				BB2E92C1199C60B10046041A /* appicon-40.png */,
				BB2E92C2199C60B10046041A /* appicon-60.png */,
				BBB072071993E288002DEB15 /* iTunesArtwork@2x.png */,
			);
			path = "launch icon";
			sourceTree = "<group>";
		};
		BBB072081993E288002DEB15 /* screen0_inico */ = {
			isa = PBXGroup;
			children = (
				BBB072091993E288002DEB15 /* foodstamp_title_01.png */,
			);
			path = screen0_inico;
			sourceTree = "<group>";
		};
		BBB0720A1993E288002DEB15 /* screen1_home */ = {
			isa = PBXGroup;
			children = (
				BBB0720B1993E288002DEB15 /* FoodStamp_logo.png */,
				BBB0720C1993E288002DEB15 /* icon_slidebar-02.png */,
			);
			path = screen1_home;
			sourceTree = "<group>";
		};
		BBB0720D1993E288002DEB15 /* screen2_slider */ = {
			isa = PBXGroup;
			children = (
				BBB0720E1993E288002DEB15 /* slider_icon-1.png */,
				BBB0720F1993E288002DEB15 /* slider_icon-2.png */,
				BBB072101993E288002DEB15 /* slider_icon-3.png */,
				BBB072111993E288002DEB15 /* slider_icon-4.png */,
				BBB072121993E288002DEB15 /* slider_icon-5.png */,
				BBB072131993E288002DEB15 /* slider_icon-6.png */,
				BBB072141993E288002DEB15 /* slider_icon_-01.png */,
				BBB072151993E288002DEB15 /* slider_icon_-02.png */,
				BBB072161993E288002DEB15 /* slider_icon_-03.png */,
				BBB072171993E288002DEB15 /* slider_icon_-04.png */,
				BBB072181993E288002DEB15 /* slider_icon_-05.png */,
				BBB072191993E288002DEB15 /* slider_icon_-06.png */,
			);
			path = screen2_slider;
			sourceTree = "<group>";
		};
		BBB0721A1993E288002DEB15 /* screen3_platillo */ = {
			isa = PBXGroup;
			children = (
				BBE0ADE7199C694100E924A5 /* boton_restaurant-01.png */,
				BBE0ADE8199C694100E924A5 /* boton_restaurant.png */,
				BBE0ADE9199C694100E924A5 /* boton-favorito-01-01.png */,
				BBE0ADEA199C694100E924A5 /* boton-favorito-01.png */,
				BBB0721B1993E288002DEB15 /* boton_back-02.png */,
				BBB0721C1993E288002DEB15 /* boton_probado.png */,
			);
			path = screen3_platillo;
			sourceTree = "<group>";
		};
		BBB0721D1993E288002DEB15 /* screen4_restaurantes */ = {
			isa = PBXGroup;
			children = (
				BBB0721E1993E288002DEB15 /* boton_guardar-02.png */,
				BBB0721F1993E288002DEB15 /* boton_mapa.png */,
				BBB072201993E288002DEB15 /* boton_menu.png */,
			);
			path = screen4_restaurantes;
			sourceTree = "<group>";
		};
		BBD7C6FE1942AE200048488C /* infoCell */ = {
			isa = PBXGroup;
			children = (
				BBD7C6FF1942AE410048488C /* infoTableViewCell.h */,
				BBD7C7001942AE410048488C /* infoTableViewCell.m */,
			);
			name = infoCell;
			sourceTree = "<group>";
		};
		BBF40B7B194A07150073C2A4 /* menuViewController */ = {
			isa = PBXGroup;
			children = (
				BBF40B7C194A0CDB0073C2A4 /* menuCollectionViewCell */,
				BBF40B78194A07060073C2A4 /* menuViewController.h */,
				BBF40B79194A07060073C2A4 /* menuViewController.m */,
			);
			name = menuViewController;
			sourceTree = "<group>";
		};
		BBF40B7C194A0CDB0073C2A4 /* menuCollectionViewCell */ = {
			isa = PBXGroup;
			children = (
				BBF40B7D194A0D1B0073C2A4 /* menuCollectionViewCell.h */,
				BBF40B7E194A0D1B0073C2A4 /* menuCollectionViewCell.m */,
			);
			name = menuCollectionViewCell;
			sourceTree = "<group>";
		};
/* End PBXGroup section */

/* Begin PBXNativeTarget section */
		52CD87FA18E6335400C4FF46 /* FoodStamp */ = {
			isa = PBXNativeTarget;
			buildConfigurationList = 52CD882D18E6335400C4FF46 /* Build configuration list for PBXNativeTarget "FoodStamp" */;
			buildPhases = (
				52CD87F718E6335400C4FF46 /* Sources */,
				52CD87F818E6335400C4FF46 /* Frameworks */,
				52CD87F918E6335400C4FF46 /* Resources */,
			);
			buildRules = (
			);
			dependencies = (
			);
			name = FoodStamp;
			productName = FoodStamp;
			productReference = 52CD87FB18E6335400C4FF46 /* FoodStamp.app */;
			productType = "com.apple.product-type.application";
		};
		52CD881B18E6335400C4FF46 /* FoodStampTests */ = {
			isa = PBXNativeTarget;
			buildConfigurationList = 52CD883018E6335400C4FF46 /* Build configuration list for PBXNativeTarget "FoodStampTests" */;
			buildPhases = (
				52CD881818E6335400C4FF46 /* Sources */,
				52CD881918E6335400C4FF46 /* Frameworks */,
				52CD881A18E6335400C4FF46 /* Resources */,
			);
			buildRules = (
			);
			dependencies = (
				52CD882218E6335400C4FF46 /* PBXTargetDependency */,
			);
			name = FoodStampTests;
			productName = FoodStampTests;
			productReference = 52CD881C18E6335400C4FF46 /* FoodStampTests.xctest */;
			productType = "com.apple.product-type.bundle.unit-test";
		};
/* End PBXNativeTarget section */

/* Begin PBXProject section */
		52CD87F318E6335300C4FF46 /* Project object */ = {
			isa = PBXProject;
			attributes = {
				LastUpgradeCheck = 0510;
				ORGANIZATIONNAME = "Red Prado";
				TargetAttributes = {
					52CD87FA18E6335400C4FF46 = {
						DevelopmentTeam = SZ6DP7S8CC;
					};
					52CD881B18E6335400C4FF46 = {
						TestTargetID = 52CD87FA18E6335400C4FF46;
					};
				};
			};
			buildConfigurationList = 52CD87F618E6335300C4FF46 /* Build configuration list for PBXProject "FoodStamp" */;
			compatibilityVersion = "Xcode 3.2";
			developmentRegion = English;
			hasScannedForEncodings = 0;
			knownRegions = (
				en,
				Base,
			);
			mainGroup = 52CD87F218E6335300C4FF46;
			productRefGroup = 52CD87FC18E6335400C4FF46 /* Products */;
			projectDirPath = "";
			projectRoot = "";
			targets = (
				52CD87FA18E6335400C4FF46 /* FoodStamp */,
				52CD881B18E6335400C4FF46 /* FoodStampTests */,
			);
		};
/* End PBXProject section */

/* Begin PBXResourcesBuildPhase section */
		52CD87F918E6335400C4FF46 /* Resources */ = {
			isa = PBXResourcesBuildPhase;
			buildActionMask = 2147483647;
			files = (
				5268691D18EFB10A00CD3876 /* icono_@.png in Resources */,
				5268695018EFB44200CD3876 /* mapa-01.png in Resources */,
				BBB072321993E288002DEB15 /* slider_icon_-05.png in Resources */,
				5268693118EFB28100CD3876 /* DSC_56302.png in Resources */,
				BB6B8AFC1926FA34001FB612 /* boton_guardar-on.png in Resources */,
				BB6B8AE71926F287001FB612 /* 1Descubre_icon_10.png in Resources */,
				52CD881718E6335400C4FF46 /* Images.xcassets in Resources */,
				BBE0ADED199C694100E924A5 /* boton-favorito-01-01.png in Resources */,
				BBB072341993E288002DEB15 /* boton_back-02.png in Resources */,
				BBB072311993E288002DEB15 /* slider_icon_-04.png in Resources */,
				BB6B8B001926FA34001FB612 /* boton_megusta-on.png in Resources */,
				BBB072271993E288002DEB15 /* icon_slidebar-02.png in Resources */,
				BB2E92C3199C60B10046041A /* appicon-29.png in Resources */,
				BB6B8ADA1926EF25001FB612 /* 1Descubre_icon-01.png in Resources */,
				5268693318EFB28100CD3876 /* DSC_56512.png in Resources */,
				BBB0722B1993E288002DEB15 /* slider_icon-4.png in Resources */,
				BB6B8ADC1926EF25001FB612 /* 1Descubre_icon-03.png in Resources */,
				BBB072261993E288002DEB15 /* FoodStamp_logo.png in Resources */,
				BBE0ADEC199C694100E924A5 /* boton_restaurant.png in Resources */,
				5268692D18EFB28100CD3876 /* DSC_55052.png in Resources */,
				BBB072241993E288002DEB15 /* iTunesArtwork@2x.png in Resources */,
				5268691E18EFB10A00CD3876 /* icono_hora.png in Resources */,
				5268693018EFB28100CD3876 /* DSC_55702.png in Resources */,
				971FFC4E192D805F0028FD0C /* facebook_login_pressed.png in Resources */,
				5268693418EFB28100CD3876 /* DSC_56692.png in Resources */,
				971FFC4D192D805F0028FD0C /* background_logged2x.png in Resources */,
				52CD880918E6335400C4FF46 /* InfoPlist.strings in Resources */,
				BBB072351993E288002DEB15 /* boton_probado.png in Resources */,
				5268694E18EFB44200CD3876 /* boton_megusta.png in Resources */,
				BB2E92C4199C60B10046041A /* appicon-40.png in Resources */,
				BBB072301993E288002DEB15 /* slider_icon_-03.png in Resources */,
				BBB0722A1993E288002DEB15 /* slider_icon-3.png in Resources */,
				BB6B8B021926FA34001FB612 /* boton_menu-on.png in Resources */,
				BBE0ADEB199C694100E924A5 /* boton_restaurant-01.png in Resources */,
				BBB072381993E288002DEB15 /* boton_menu.png in Resources */,
				BB6B8ADE1926EF25001FB612 /* 1Descubre_icon-07.png in Resources */,
				BB6B8ADF1926EF25001FB612 /* 1Descubre_icon-08.png in Resources */,
				BBB0722D1993E288002DEB15 /* slider_icon-6.png in Resources */,
				BB6B8AE91926F2CC001FB612 /* 1Descubre_icon_02.png in Resources */,
				5268693B18EFB37200CD3876 /* perfil_01.jpg in Resources */,
				BBB0722F1993E288002DEB15 /* slider_icon_-02.png in Resources */,
				5268693518EFB28100CD3876 /* DSC_56722.png in Resources */,
				5268694C18EFB44200CD3876 /* boton_guardar.png in Resources */,
				BBB072251993E288002DEB15 /* foodstamp_title_01.png in Resources */,
				5268693718EFB2FB00CD3876 /* img_Tchoza.png in Resources */,
				BB6B8AFA1926FA34001FB612 /* boton_facebook-on.png in Resources */,
				5268693218EFB28100CD3876 /* DSC_56392.png in Resources */,
				971FFC4F192D805F0028FD0C /* facebook_login.png in Resources */,
				5268693918EFB32B00CD3876 /* logo_choza.jpg in Resources */,
				BB6B8AFF1926FA34001FB612 /* boton_mapa.png in Resources */,
				5268693D18EFB3D900CD3876 /* FoodStamp_logo-01.png in Resources */,
				BBE0ADEE199C694100E924A5 /* boton-favorito-01.png in Resources */,
				5268692F18EFB28100CD3876 /* DSC_55332.png in Resources */,
				BB6B8B031926FA34001FB612 /* boton_menu.png in Resources */,
				5268692018EFB10A00CD3876 /* icono_tel.png in Resources */,
				BBB072371993E288002DEB15 /* boton_mapa.png in Resources */,
				BB58E76F194CD68D009CECAA /* Main.storyboard in Resources */,
				BBB072281993E288002DEB15 /* slider_icon-1.png in Resources */,
				BB2E92C5199C60B10046041A /* appicon-60.png in Resources */,
				BB6B8AE41926F23B001FB612 /* 1Descubre_icon-09.png in Resources */,
				BB6B8ADD1926EF25001FB612 /* 1Descubre_icon-06.png in Resources */,
				BBB072291993E288002DEB15 /* slider_icon-2.png in Resources */,
				BBB072331993E288002DEB15 /* slider_icon_-06.png in Resources */,
				BBB0722C1993E288002DEB15 /* slider_icon-5.png in Resources */,
				BBEB555D193C0484009D02B1 /* boton_back.png in Resources */,
				BB6B8AFB1926FA34001FB612 /* boton_facebook.png in Resources */,
				5268692118EFB10A00CD3876 /* icono_votacion.png in Resources */,
				BBB0722E1993E288002DEB15 /* slider_icon_-01.png in Resources */,
				5268694F18EFB44200CD3876 /* manu_tabbar80.png in Resources */,
				BB6B8AF91926FA34001FB612 /* boton_califica.png in Resources */,
				5268692E18EFB28100CD3876 /* DSC_55252.png in Resources */,
				BBB072361993E288002DEB15 /* boton_guardar-02.png in Resources */,
				5268691F18EFB10A00CD3876 /* icono_tarjeta.png in Resources */,
				5268692C18EFB28100CD3876 /* DSC_54282.png in Resources */,
			);
			runOnlyForDeploymentPostprocessing = 0;
		};
		52CD881A18E6335400C4FF46 /* Resources */ = {
			isa = PBXResourcesBuildPhase;
			buildActionMask = 2147483647;
			files = (
				52CD882818E6335400C4FF46 /* InfoPlist.strings in Resources */,
			);
			runOnlyForDeploymentPostprocessing = 0;
		};
/* End PBXResourcesBuildPhase section */

/* Begin PBXSourcesBuildPhase section */
		52CD87F718E6335400C4FF46 /* Sources */ = {
			isa = PBXSourcesBuildPhase;
			buildActionMask = 2147483647;
			files = (
				52CD881518E6335400C4FF46 /* ViewController.m in Sources */,
				526B392D18ED14AF00B6D4FA /* RestInfoCell.m in Sources */,
				528172AC18E64FB400835BED /* FotoPlatilloCell.m in Sources */,
				5284FBA518E8C05A00D36386 /* SocialCell.m in Sources */,
				52CD880F18E6335400C4FF46 /* AppDelegate.m in Sources */,
				BBD7C7011942AE410048488C /* infoTableViewCell.m in Sources */,
				5284FB9D18E8887F00D36386 /* DescripcionRestTableViewCell.m in Sources */,
				52A3A6BD18EA55C2005DC29A /* DirecCell.m in Sources */,
				52CD880B18E6335400C4FF46 /* main.m in Sources */,
				528F75B218EDF931001EAEC6 /* LocationViewController.m in Sources */,
				971FFC59192D82F40028FD0C /* MBProgressHUD.m in Sources */,
				971FFC5C192D83000028FD0C /* Reachability.m in Sources */,
				9718FC6C1901FAD9008C7C93 /* FSCache.m in Sources */,
				971FFC53192D81220028FD0C /* FBLoginViewController.m in Sources */,
				971FFC5F192D83860028FD0C /* Comms.m in Sources */,
				52B2E10218EB61E100903CBC /* HomePlatilloCell.m in Sources */,
				528172A918E64F3D00835BED /* PlatilloViewController.m in Sources */,
				526B390A18ECE3A100B6D4FA /* RestaurantViewController.m in Sources */,
				BB58E76D194CC1D0009CECAA /* infoViewController.m in Sources */,
				BBF40B7F194A0D1B0073C2A4 /* menuCollectionViewCell.m in Sources */,
				52110D9918ED161F002B4B82 /* UserInteractionCell.m in Sources */,
				BBF40B7A194A07060073C2A4 /* menuViewController.m in Sources */,
			);
			runOnlyForDeploymentPostprocessing = 0;
		};
		52CD881818E6335400C4FF46 /* Sources */ = {
			isa = PBXSourcesBuildPhase;
			buildActionMask = 2147483647;
			files = (
				52CD882A18E6335400C4FF46 /* FoodStampTests.m in Sources */,
			);
			runOnlyForDeploymentPostprocessing = 0;
		};
/* End PBXSourcesBuildPhase section */

/* Begin PBXTargetDependency section */
		52CD882218E6335400C4FF46 /* PBXTargetDependency */ = {
			isa = PBXTargetDependency;
			target = 52CD87FA18E6335400C4FF46 /* FoodStamp */;
			targetProxy = 52CD882118E6335400C4FF46 /* PBXContainerItemProxy */;
		};
/* End PBXTargetDependency section */

/* Begin PBXVariantGroup section */
		52CD880718E6335400C4FF46 /* InfoPlist.strings */ = {
			isa = PBXVariantGroup;
			children = (
				52CD880818E6335400C4FF46 /* en */,
			);
			name = InfoPlist.strings;
			sourceTree = "<group>";
		};
		52CD882618E6335400C4FF46 /* InfoPlist.strings */ = {
			isa = PBXVariantGroup;
			children = (
				52CD882718E6335400C4FF46 /* en */,
			);
			name = InfoPlist.strings;
			sourceTree = "<group>";
		};
/* End PBXVariantGroup section */

/* Begin XCBuildConfiguration section */
		52CD882B18E6335400C4FF46 /* Debug */ = {
			isa = XCBuildConfiguration;
			buildSettings = {
				ALWAYS_SEARCH_USER_PATHS = NO;
				CLANG_CXX_LANGUAGE_STANDARD = "gnu++0x";
				CLANG_CXX_LIBRARY = "libc++";
				CLANG_ENABLE_MODULES = YES;
				CLANG_ENABLE_OBJC_ARC = YES;
				CLANG_WARN_BOOL_CONVERSION = YES;
				CLANG_WARN_CONSTANT_CONVERSION = YES;
				CLANG_WARN_DIRECT_OBJC_ISA_USAGE = YES_ERROR;
				CLANG_WARN_EMPTY_BODY = YES;
				CLANG_WARN_ENUM_CONVERSION = YES;
				CLANG_WARN_INT_CONVERSION = YES;
				CLANG_WARN_OBJC_ROOT_CLASS = YES_ERROR;
				CLANG_WARN__DUPLICATE_METHOD_MATCH = YES;
				CODE_SIGN_IDENTITY = "iPhone Developer";
				"CODE_SIGN_IDENTITY[sdk=iphoneos*]" = "iPhone Developer";
				COPY_PHASE_STRIP = NO;
				GCC_C_LANGUAGE_STANDARD = gnu99;
				GCC_DYNAMIC_NO_PIC = NO;
				GCC_OPTIMIZATION_LEVEL = 0;
				GCC_PREPROCESSOR_DEFINITIONS = (
					"DEBUG=1",
					"$(inherited)",
				);
				GCC_SYMBOLS_PRIVATE_EXTERN = NO;
				GCC_WARN_64_TO_32_BIT_CONVERSION = YES;
				GCC_WARN_ABOUT_RETURN_TYPE = YES_ERROR;
				GCC_WARN_UNDECLARED_SELECTOR = YES;
				GCC_WARN_UNINITIALIZED_AUTOS = YES_AGGRESSIVE;
				GCC_WARN_UNUSED_FUNCTION = YES;
				GCC_WARN_UNUSED_VARIABLE = YES;
				IPHONEOS_DEPLOYMENT_TARGET = 7.1;
				ONLY_ACTIVE_ARCH = YES;
				SDKROOT = iphoneos;
			};
			name = Debug;
		};
		52CD882C18E6335400C4FF46 /* Release */ = {
			isa = XCBuildConfiguration;
			buildSettings = {
				ALWAYS_SEARCH_USER_PATHS = NO;
				CLANG_CXX_LANGUAGE_STANDARD = "gnu++0x";
				CLANG_CXX_LIBRARY = "libc++";
				CLANG_ENABLE_MODULES = YES;
				CLANG_ENABLE_OBJC_ARC = YES;
				CLANG_WARN_BOOL_CONVERSION = YES;
				CLANG_WARN_CONSTANT_CONVERSION = YES;
				CLANG_WARN_DIRECT_OBJC_ISA_USAGE = YES_ERROR;
				CLANG_WARN_EMPTY_BODY = YES;
				CLANG_WARN_ENUM_CONVERSION = YES;
				CLANG_WARN_INT_CONVERSION = YES;
				CLANG_WARN_OBJC_ROOT_CLASS = YES_ERROR;
				CLANG_WARN__DUPLICATE_METHOD_MATCH = YES;
				CODE_SIGN_IDENTITY = "iPhone Developer";
				"CODE_SIGN_IDENTITY[sdk=iphoneos*]" = "iPhone Developer";
				COPY_PHASE_STRIP = YES;
				ENABLE_NS_ASSERTIONS = NO;
				GCC_C_LANGUAGE_STANDARD = gnu99;
				GCC_WARN_64_TO_32_BIT_CONVERSION = YES;
				GCC_WARN_ABOUT_RETURN_TYPE = YES_ERROR;
				GCC_WARN_UNDECLARED_SELECTOR = YES;
				GCC_WARN_UNINITIALIZED_AUTOS = YES_AGGRESSIVE;
				GCC_WARN_UNUSED_FUNCTION = YES;
				GCC_WARN_UNUSED_VARIABLE = YES;
				IPHONEOS_DEPLOYMENT_TARGET = 7.1;
				SDKROOT = iphoneos;
				VALIDATE_PRODUCT = YES;
			};
			name = Release;
		};
		52CD882E18E6335400C4FF46 /* Debug */ = {
			isa = XCBuildConfiguration;
			buildSettings = {
				ASSETCATALOG_COMPILER_APPICON_NAME = AppIcon;
				ASSETCATALOG_COMPILER_LAUNCHIMAGE_NAME = LaunchImage;
				CODE_SIGN_IDENTITY = "iPhone Developer";
				"CODE_SIGN_IDENTITY[sdk=iphoneos*]" = "iPhone Developer";
				FRAMEWORK_SEARCH_PATHS = (
					"$(inherited)",
					"$(PROJECT_DIR)",
				);
				GCC_PRECOMPILE_PREFIX_HEADER = YES;
				GCC_PREFIX_HEADER = "FoodStamp/FoodStamp-Prefix.pch";
				INFOPLIST_FILE = "FoodStamp/FoodStamp-Info.plist";
				PRODUCT_NAME = "$(TARGET_NAME)";
				PROVISIONING_PROFILE = "";
				TARGETED_DEVICE_FAMILY = 1;
				WRAPPER_EXTENSION = app;
			};
			name = Debug;
		};
		52CD882F18E6335400C4FF46 /* Release */ = {
			isa = XCBuildConfiguration;
			buildSettings = {
				ASSETCATALOG_COMPILER_APPICON_NAME = AppIcon;
				ASSETCATALOG_COMPILER_LAUNCHIMAGE_NAME = LaunchImage;
				CODE_SIGN_IDENTITY = "iPhone Developer";
				"CODE_SIGN_IDENTITY[sdk=iphoneos*]" = "iPhone Developer";
				FRAMEWORK_SEARCH_PATHS = (
					"$(inherited)",
					"$(PROJECT_DIR)",
				);
				GCC_PRECOMPILE_PREFIX_HEADER = YES;
				GCC_PREFIX_HEADER = "FoodStamp/FoodStamp-Prefix.pch";
				INFOPLIST_FILE = "FoodStamp/FoodStamp-Info.plist";
				PRODUCT_NAME = "$(TARGET_NAME)";
				PROVISIONING_PROFILE = "DE77AD7E-554F-44CD-BE5D-E5357E842E68";
				TARGETED_DEVICE_FAMILY = 1;
				WRAPPER_EXTENSION = app;
			};
			name = Release;
		};
		52CD883118E6335400C4FF46 /* Debug */ = {
			isa = XCBuildConfiguration;
			buildSettings = {
				BUNDLE_LOADER = "$(BUILT_PRODUCTS_DIR)/FoodStamp.app/FoodStamp";
				FRAMEWORK_SEARCH_PATHS = (
					"$(SDKROOT)/Developer/Library/Frameworks",
					"$(inherited)",
					"$(DEVELOPER_FRAMEWORKS_DIR)",
				);
				GCC_PRECOMPILE_PREFIX_HEADER = YES;
				GCC_PREFIX_HEADER = "FoodStamp/FoodStamp-Prefix.pch";
				GCC_PREPROCESSOR_DEFINITIONS = (
					"DEBUG=1",
					"$(inherited)",
				);
				INFOPLIST_FILE = "FoodStampTests/FoodStampTests-Info.plist";
				PRODUCT_NAME = "$(TARGET_NAME)";
				TEST_HOST = "$(BUNDLE_LOADER)";
				WRAPPER_EXTENSION = xctest;
			};
			name = Debug;
		};
		52CD883218E6335400C4FF46 /* Release */ = {
			isa = XCBuildConfiguration;
			buildSettings = {
				BUNDLE_LOADER = "$(BUILT_PRODUCTS_DIR)/FoodStamp.app/FoodStamp";
				FRAMEWORK_SEARCH_PATHS = (
					"$(SDKROOT)/Developer/Library/Frameworks",
					"$(inherited)",
					"$(DEVELOPER_FRAMEWORKS_DIR)",
				);
				GCC_PRECOMPILE_PREFIX_HEADER = YES;
				GCC_PREFIX_HEADER = "FoodStamp/FoodStamp-Prefix.pch";
				INFOPLIST_FILE = "FoodStampTests/FoodStampTests-Info.plist";
				PRODUCT_NAME = "$(TARGET_NAME)";
				TEST_HOST = "$(BUNDLE_LOADER)";
				WRAPPER_EXTENSION = xctest;
			};
			name = Release;
		};
/* End XCBuildConfiguration section */

/* Begin XCConfigurationList section */
		52CD87F618E6335300C4FF46 /* Build configuration list for PBXProject "FoodStamp" */ = {
			isa = XCConfigurationList;
			buildConfigurations = (
				52CD882B18E6335400C4FF46 /* Debug */,
				52CD882C18E6335400C4FF46 /* Release */,
			);
			defaultConfigurationIsVisible = 0;
			defaultConfigurationName = Release;
		};
		52CD882D18E6335400C4FF46 /* Build configuration list for PBXNativeTarget "FoodStamp" */ = {
			isa = XCConfigurationList;
			buildConfigurations = (
				52CD882E18E6335400C4FF46 /* Debug */,
				52CD882F18E6335400C4FF46 /* Release */,
			);
			defaultConfigurationIsVisible = 0;
			defaultConfigurationName = Release;
		};
		52CD883018E6335400C4FF46 /* Build configuration list for PBXNativeTarget "FoodStampTests" */ = {
			isa = XCConfigurationList;
			buildConfigurations = (
				52CD883118E6335400C4FF46 /* Debug */,
				52CD883218E6335400C4FF46 /* Release */,
			);
			defaultConfigurationIsVisible = 0;
			defaultConfigurationName = Release;
		};
/* End XCConfigurationList section */
	};
	rootObject = 52CD87F318E6335300C4FF46 /* Project object */;
}
